
Microsoft Visual Studio Solution File, Format Version 12.00
Project("{FAE04EC0-301F-11D3-BF4B-00C04F79EFBC}") = "mojofawad.Shared", "mojofawad.Shared\mojofawad.Shared.csproj", "{BEA71D93-4A4E-4106-8CD0-D705A5132D5E}"
EndProject
Project("{2150E333-8FDC-42A3-9474-1A3956D46DE8}") = "_mojofawad", "_mojofawad", "{E5B386F3-5B2D-464C-8C91-B4268ED2BBBE}"
EndProject
Project("{2150E333-8FDC-42A3-9474-1A3956D46DE8}") = "Tests", "Tests", "{9E35482C-043B-4F26-A7D0-F23603DBACAB}"
EndProject
Project("{2150E333-8FDC-42A3-9474-1A3956D46DE8}") = "Dotcom", "Dotcom", "{E4E18306-A229-400C-BD75-574424FFAA90}"
EndProject
Project("{2150E333-8FDC-42A3-9474-1A3956D46DE8}") = "MojoSMB", "MojoSMB", "{1DFAE397-102E-495B-AA5D-07059AA57969}"
EndProject
Project("{2150E333-8FDC-42A3-9474-1A3956D46DE8}") = "SighTools", "SighTools", "{D9838C5D-A568-4E70-B1D9-DC85A36F563A}"
EndProject
Project("{2150E333-8FDC-42A3-9474-1A3956D46DE8}") = "Syndigator", "Syndigator", "{BC933717-98BA-423E-8293-4B87BB223ECF}"
EndProject
Project("{2150E333-8FDC-42A3-9474-1A3956D46DE8}") = "TheCommune", "TheCommune", "{D146FF03-58A6-4DE9-ACFA-80843F370836}"
EndProject
Project("{2150E333-8FDC-42A3-9474-1A3956D46DE8}") = "src", "src", "{3C5E8210-D20B-49D0-98DA-205B5E7A9169}"
EndProject
Project("{FAE04EC0-301F-11D3-BF4B-00C04F79EFBC}") = "Dotcom.Tests", "..\..\dotcom\tests\Dotcom.Tests\Dotcom.Tests.csproj", "{1B4ADBD2-DEE7-4D1A-BD76-7FF242066A46}"
EndProject
Project("{FAE04EC0-301F-11D3-BF4B-00C04F79EFBC}") = "MojoSMB.Tests", "..\..\mojoSMB\tests\MojoSMB.Tests\MojoSMB.Tests.csproj", "{C3970745-7015-47C6-BEEA-AF12D9C89F67}"
EndProject
Project("{FAE04EC0-301F-11D3-BF4B-00C04F79EFBC}") = "SighTools.Tests", "..\..\sigh-tools\tests\SighTools.Tests\SighTools.Tests.csproj", "{91EA51A1-1970-4058-A908-A392BDD0198D}"
EndProject
Project("{FAE04EC0-301F-11D3-BF4B-00C04F79EFBC}") = "Syndigator.Tests", "..\..\syndigator\tests\Syndigator.Tests\Syndigator.Tests.csproj", "{E7A5BF3F-93F0-44B2-B2DD-55D0713F0A6D}"
EndProject
Project("{FAE04EC0-301F-11D3-BF4B-00C04F79EFBC}") = "TheCommune.Tests", "..\..\theCommune\tests\TheCommune.Tests\TheCommune.Tests.csproj", "{4794FC2B-E879-450F-8599-E4160F982DE4}"
EndProject
Project("{2150E333-8FDC-42A3-9474-1A3956D46DE8}") = "Shared", "Shared", "{DC39F443-55F3-442F-B3C6-BC70A0E8B681}"
EndProject
Project("{FAE04EC0-301F-11D3-BF4B-00C04F79EFBC}") = "Mojo.AppHost", "Mojo.AppHost\Mojo.AppHost.csproj", "{4AEA0A21-D993-47E6-AF81-102DCBD5FB76}"
EndProject
Project("{FAE04EC0-301F-11D3-BF4B-00C04F79EFBC}") = "Mojo.ServiceDefaults", "Mojo.ServiceDefaults\Mojo.ServiceDefaults.csproj", "{0523FDA0-6244-481A-B05B-1A4F79782FEE}"
EndProject
Global
	GlobalSection(SolutionConfigurationPlatforms) = preSolution
		Debug|Any CPU = Debug|Any CPU
		Release|Any CPU = Release|Any CPU
	EndGlobalSection
	GlobalSection(ProjectConfigurationPlatforms) = postSolution
		{BEA71D93-4A4E-4106-8CD0-D705A5132D5E}.Debug|Any CPU.ActiveCfg = Debug|Any CPU
		{BEA71D93-4A4E-4106-8CD0-D705A5132D5E}.Debug|Any CPU.Build.0 = Debug|Any CPU
		{BEA71D93-4A4E-4106-8CD0-D705A5132D5E}.Release|Any CPU.ActiveCfg = Release|Any CPU
		{BEA71D93-4A4E-4106-8CD0-D705A5132D5E}.Release|Any CPU.Build.0 = Release|Any CPU
		{1B4ADBD2-DEE7-4D1A-BD76-7FF242066A46}.Debug|Any CPU.ActiveCfg = Debug|Any CPU
		{1B4ADBD2-DEE7-4D1A-BD76-7FF242066A46}.Debug|Any CPU.Build.0 = Debug|Any CPU
		{1B4ADBD2-DEE7-4D1A-BD76-7FF242066A46}.Release|Any CPU.ActiveCfg = Release|Any CPU
		{1B4ADBD2-DEE7-4D1A-BD76-7FF242066A46}.Release|Any CPU.Build.0 = Release|Any CPU
		{C3970745-7015-47C6-BEEA-AF12D9C89F67}.Debug|Any CPU.ActiveCfg = Debug|Any CPU
		{C3970745-7015-47C6-BEEA-AF12D9C89F67}.Debug|Any CPU.Build.0 = Debug|Any CPU
		{C3970745-7015-47C6-BEEA-AF12D9C89F67}.Release|Any CPU.ActiveCfg = Release|Any CPU
		{C3970745-7015-47C6-BEEA-AF12D9C89F67}.Release|Any CPU.Build.0 = Release|Any CPU
		{91EA51A1-1970-4058-A908-A392BDD0198D}.Debug|Any CPU.ActiveCfg = Debug|Any CPU
		{91EA51A1-1970-4058-A908-A392BDD0198D}.Debug|Any CPU.Build.0 = Debug|Any CPU
		{91EA51A1-1970-4058-A908-A392BDD0198D}.Release|Any CPU.ActiveCfg = Release|Any CPU
		{91EA51A1-1970-4058-A908-A392BDD0198D}.Release|Any CPU.Build.0 = Release|Any CPU
		{E7A5BF3F-93F0-44B2-B2DD-55D0713F0A6D}.Debug|Any CPU.ActiveCfg = Debug|Any CPU
		{E7A5BF3F-93F0-44B2-B2DD-55D0713F0A6D}.Debug|Any CPU.Build.0 = Debug|Any CPU
		{E7A5BF3F-93F0-44B2-B2DD-55D0713F0A6D}.Release|Any CPU.ActiveCfg = Release|Any CPU
		{E7A5BF3F-93F0-44B2-B2DD-55D0713F0A6D}.Release|Any CPU.Build.0 = Release|Any CPU
		{4794FC2B-E879-450F-8599-E4160F982DE4}.Debug|Any CPU.ActiveCfg = Debug|Any CPU
		{4794FC2B-E879-450F-8599-E4160F982DE4}.Debug|Any CPU.Build.0 = Debug|Any CPU
		{4794FC2B-E879-450F-8599-E4160F982DE4}.Release|Any CPU.ActiveCfg = Release|Any CPU
		{4794FC2B-E879-450F-8599-E4160F982DE4}.Release|Any CPU.Build.0 = Release|Any CPU
		{4AEA0A21-D993-47E6-AF81-102DCBD5FB76}.Debug|Any CPU.ActiveCfg = Debug|Any CPU
		{4AEA0A21-D993-47E6-AF81-102DCBD5FB76}.Debug|Any CPU.Build.0 = Debug|Any CPU
		{4AEA0A21-D993-47E6-AF81-102DCBD5FB76}.Release|Any CPU.ActiveCfg = Release|Any CPU
		{4AEA0A21-D993-47E6-AF81-102DCBD5FB76}.Release|Any CPU.Build.0 = Release|Any CPU
		{0523FDA0-6244-481A-B05B-1A4F79782FEE}.Debug|Any CPU.ActiveCfg = Debug|Any CPU
		{0523FDA0-6244-481A-B05B-1A4F79782FEE}.Debug|Any CPU.Build.0 = Debug|Any CPU
		{0523FDA0-6244-481A-B05B-1A4F79782FEE}.Release|Any CPU.ActiveCfg = Release|Any CPU
		{0523FDA0-6244-481A-B05B-1A4F79782FEE}.Release|Any CPU.Build.0 = Release|Any CPU
	EndGlobalSection
	GlobalSection(NestedProjects) = preSolution
		{E4E18306-A229-400C-BD75-574424FFAA90} = {3C5E8210-D20B-49D0-98DA-205B5E7A9169}
		{1DFAE397-102E-495B-AA5D-07059AA57969} = {3C5E8210-D20B-49D0-98DA-205B5E7A9169}
		{D9838C5D-A568-4E70-B1D9-DC85A36F563A} = {3C5E8210-D20B-49D0-98DA-205B5E7A9169}
		{D146FF03-58A6-4DE9-ACFA-80843F370836} = {3C5E8210-D20B-49D0-98DA-205B5E7A9169}
		{BC933717-98BA-423E-8293-4B87BB223ECF} = {3C5E8210-D20B-49D0-98DA-205B5E7A9169}
		{1B4ADBD2-DEE7-4D1A-BD76-7FF242066A46} = {9E35482C-043B-4F26-A7D0-F23603DBACAB}
		{C3970745-7015-47C6-BEEA-AF12D9C89F67} = {9E35482C-043B-4F26-A7D0-F23603DBACAB}
		{91EA51A1-1970-4058-A908-A392BDD0198D} = {9E35482C-043B-4F26-A7D0-F23603DBACAB}
		{E7A5BF3F-93F0-44B2-B2DD-55D0713F0A6D} = {9E35482C-043B-4F26-A7D0-F23603DBACAB}
		{4794FC2B-E879-450F-8599-E4160F982DE4} = {9E35482C-043B-4F26-A7D0-F23603DBACAB}
		{BEA71D93-4A4E-4106-8CD0-D705A5132D5E} = {DC39F443-55F3-442F-B3C6-BC70A0E8B681}
		{4AEA0A21-D993-47E6-AF81-102DCBD5FB76} = {E5B386F3-5B2D-464C-8C91-B4268ED2BBBE}
		{0523FDA0-6244-481A-B05B-1A4F79782FEE} = {E5B386F3-5B2D-464C-8C91-B4268ED2BBBE}
	EndGlobalSection
EndGlobal
