
Microsoft Visual Studio Solution File, Format Version 12.00
#
Project("{FAE04EC0-301F-11D3-BF4B-00C04F79EFBC}") = "mojofawad.Shared", "mojofawad.Shared\mojofawad.Shared.csproj", "{BEA71D93-4A4E-4106-8CD0-D705A5132D5E}"
EndProject
Project("{2150E333-8FDC-42A3-9474-1A3956D46DE8}") = "_mojofawad", "_mojofawad", "{E5B386F3-5B2D-464C-8C91-B4268ED2BBBE}"
EndProject
Project("{2150E333-8FDC-42A3-9474-1A3956D46DE8}") = "Dotcom", "Dotcom", "{E4E18306-A229-400C-BD75-574424FFAA90}"
EndProject
Project("{2150E333-8FDC-42A3-9474-1A3956D46DE8}") = "MojoSMB", "MojoSMB", "{1DFAE397-102E-495B-AA5D-07059AA57969}"
EndProject
Project("{2150E333-8FDC-42A3-9474-1A3956D46DE8}") = "SighTools", "SighTools", "{D9838C5D-A568-4E70-B1D9-DC85A36F563A}"
EndProject
Project("{2150E333-8FDC-42A3-9474-1A3956D46DE8}") = "Syndigator", "Syndigator", "{BC933717-98BA-423E-8293-4B87BB223ECF}"
EndProject
Project("{2150E333-8FDC-42A3-9474-1A3956D46DE8}") = "TheCommune", "TheCommune", "{D146FF03-58A6-4DE9-ACFA-80843F370836}"
EndProject
Project("{2150E333-8FDC-42A3-9474-1A3956D46DE8}") = "src", "src", "{3C5E8210-D20B-49D0-98DA-205B5E7A9169}"
EndProject
Project("{2150E333-8FDC-42A3-9474-1A3956D46DE8}") = "Shared", "Shared", "{DC39F443-55F3-442F-B3C6-BC70A0E8B681}"
EndProject
Project("{FAE04EC0-301F-11D3-BF4B-00C04F79EFBC}") = "Mojo.AppHost", "Mojo.AppHost\Mojo.AppHost.csproj", "{4AEA0A21-D993-47E6-AF81-102DCBD5FB76}"
EndProject
Project("{FAE04EC0-301F-11D3-BF4B-00C04F79EFBC}") = "Mojo.ServiceDefaults", "Mojo.ServiceDefaults\Mojo.ServiceDefaults.csproj", "{0523FDA0-6244-481A-B05B-1A4F79782FEE}"
EndProject
Project("{FAE04EC0-301F-11D3-BF4B-00C04F79EFBC}") = "mojofawad.Shared.Domain", "mojofawad.Shared.Domain\mojofawad.Shared.Domain.csproj", "{7A4C1A0E-EC0C-4E65-8EEC-B209DD0EB38F}"
EndProject
Project("{FAE04EC0-301F-11D3-BF4B-00C04F79EFBC}") = "mojofawad.Shared.Application", "mojofawad.Shared.Application\mojofawad.Shared.Application.csproj", "{A8160E11-D27C-4618-A8D5-4691CDDAD5AE}"
EndProject
Project("{FAE04EC0-301F-11D3-BF4B-00C04F79EFBC}") = "mojofawad.Shared.Infrastructure", "mojofawad.Shared.Infrastructure\mojofawad.Shared.Infrastructure.csproj", "{C60505F2-3235-4905-A57E-1AF6F8B2F6A1}"
EndProject
Project("{2150E333-8FDC-42A3-9474-1A3956D46DE8}") = "Tests", "Tests", "{ABF464BD-E660-4E12-ABFF-2579FE079953}"
EndProject
Project("{FAE04EC0-301F-11D3-BF4B-00C04F79EFBC}") = "mojofawad.Shared.UnitTests", "..\tests\mojofawad.Shared.UnitTests\mojofawad.Shared.UnitTests.csproj", "{27133510-383D-44C2-B959-D4E6306AD2D5}"
EndProject
Project("{FAE04EC0-301F-11D3-BF4B-00C04F79EFBC}") = "mojofawad.Shared.ArchTests", "..\tests\mojofawad.Shared.ArchTests\mojofawad.Shared.ArchTests.csproj", "{66F9BD31-0E86-4285-8A60-A0FE36883E55}"
EndProject
Project("{FAE04EC0-301F-11D3-BF4B-00C04F79EFBC}") = "mojofawad.Shared.IntegrationTests", "..\tests\mojofawad.Shared.IntegrationTests\mojofawad.Shared.IntegrationTests.csproj", "{B194DEED-267D-405D-A7DD-232A461DAAB7}"
EndProject
Project("{FAE04EC0-301F-11D3-BF4B-00C04F79EFBC}") = "Dotcom.Analytics", "..\..\dotcom\src\Dotcom.Analytics\Dotcom.Analytics.csproj", "{67E09350-F34A-4726-865B-BDCD4775547A}"
EndProject
Project("{FAE04EC0-301F-11D3-BF4B-00C04F79EFBC}") = "Dotcom.Analytics.Application", "..\..\dotcom\src\Dotcom.Analytics.Application\Dotcom.Analytics.Application.csproj", "{C6C5C5CA-5C4C-48DA-940E-F72C8A7E84EC}"
EndProject
Project("{FAE04EC0-301F-11D3-BF4B-00C04F79EFBC}") = "Dotcom.Analytics.Domain", "..\..\dotcom\src\Dotcom.Analytics.Domain\Dotcom.Analytics.Domain.csproj", "{A2DDE93A-5361-4565-B98C-C5A163ECE2A2}"
EndProject
Project("{FAE04EC0-301F-11D3-BF4B-00C04F79EFBC}") = "Dotcom.Analytics.Infrastructure", "..\..\dotcom\src\Dotcom.Analytics.Infrastructure\Dotcom.Analytics.Infrastructure.csproj", "{F38B49C5-5683-4C9D-A720-DFEE42C79FD3}"
EndProject
Project("{FAE04EC0-301F-11D3-BF4B-00C04F79EFBC}") = "Dotcom.ContentManagement", "..\..\dotcom\src\Dotcom.ContentManagement\Dotcom.ContentManagement.csproj", "{B5A764A3-24D8-40D6-9171-0F874C2F43FB}"
EndProject
Project("{FAE04EC0-301F-11D3-BF4B-00C04F79EFBC}") = "Dotcom.ContentManagement.Application", "..\..\dotcom\src\Dotcom.ContentManagement.Application\Dotcom.ContentManagement.Application.csproj", "{6C8419B2-3D06-4F57-A6FE-61D0289C0088}"
EndProject
Project("{FAE04EC0-301F-11D3-BF4B-00C04F79EFBC}") = "Dotcom.ContentManagement.Domain", "..\..\dotcom\src\Dotcom.ContentManagement.Domain\Dotcom.ContentManagement.Domain.csproj", "{8F571FC5-39F9-430A-A1DC-DBB8E9A45B1F}"
EndProject
Project("{FAE04EC0-301F-11D3-BF4B-00C04F79EFBC}") = "Dotcom.ContentManagement.Infrastructure", "..\..\dotcom\src\Dotcom.ContentManagement.Infrastructure\Dotcom.ContentManagement.Infrastructure.csproj", "{2C2FE9C3-3B95-4EE2-8242-3A21B3A86028}"
EndProject
Project("{FAE04EC0-301F-11D3-BF4B-00C04F79EFBC}") = "Dotcom.Engagement", "..\..\dotcom\src\Dotcom.Engagement\Dotcom.Engagement.csproj", "{70427532-5D4B-4AF4-B629-576DC0A15396}"
EndProject
Project("{FAE04EC0-301F-11D3-BF4B-00C04F79EFBC}") = "Dotcom.Engagement.Application", "..\..\dotcom\src\Dotcom.Engagement.Application\Dotcom.Engagement.Application.csproj", "{64D6B212-DD3D-436C-9E61-3DE09C54AEA8}"
EndProject
Project("{FAE04EC0-301F-11D3-BF4B-00C04F79EFBC}") = "Dotcom.Engagement.Domain", "..\..\dotcom\src\Dotcom.Engagement.Domain\Dotcom.Engagement.Domain.csproj", "{0945A891-1BEA-4E64-BA9D-C761343602A0}"
EndProject
Project("{FAE04EC0-301F-11D3-BF4B-00C04F79EFBC}") = "Dotcom.Engagement.Infrastructure", "..\..\dotcom\src\Dotcom.Engagement.Infrastructure\Dotcom.Engagement.Infrastructure.csproj", "{15DE6253-6B44-4ABA-B41E-D1749B7DA364}"
EndProject
Project("{FAE04EC0-301F-11D3-BF4B-00C04F79EFBC}") = "Dotcom.Portfolio", "..\..\dotcom\src\Dotcom.Portfolio\Dotcom.Portfolio.csproj", "{1F229B8E-34A4-49D9-A5D5-1A3514EB65BC}"
EndProject
Project("{FAE04EC0-301F-11D3-BF4B-00C04F79EFBC}") = "Dotcom.Portfolio.Application", "..\..\dotcom\src\Dotcom.Portfolio.Application\Dotcom.Portfolio.Application.csproj", "{0D5E554C-4B15-4423-A5AB-62A5A5FCA5F6}"
EndProject
Project("{FAE04EC0-301F-11D3-BF4B-00C04F79EFBC}") = "Dotcom.Portfolio.Domain", "..\..\dotcom\src\Dotcom.Portfolio.Domain\Dotcom.Portfolio.Domain.csproj", "{83DDBB19-6170-4A3D-87E4-9BE56F2514C3}"
EndProject
Project("{FAE04EC0-301F-11D3-BF4B-00C04F79EFBC}") = "Dotcom.Portfolio.Infrastructure", "..\..\dotcom\src\Dotcom.Portfolio.Infrastructure\Dotcom.Portfolio.Infrastructure.csproj", "{75DA3DD5-8F84-4060-A2EB-C2D4DF943A95}"
EndProject
Project("{FAE04EC0-301F-11D3-BF4B-00C04F79EFBC}") = "Dotcom.Analytics.IntegrationTests", "..\..\dotcom\tests\Dotcom.Analytics.IntegrationTests\Dotcom.Analytics.IntegrationTests.csproj", "{D3EE2F65-46F9-4374-B475-3109472728D2}"
EndProject
Project("{FAE04EC0-301F-11D3-BF4B-00C04F79EFBC}") = "Dotcom.Analytics.UnitTests", "..\..\dotcom\tests\Dotcom.Analytics.UnitTests\Dotcom.Analytics.UnitTests.csproj", "{A0110BF5-74D8-40DD-9CF4-23515BFDE821}"
EndProject
Project("{FAE04EC0-301F-11D3-BF4B-00C04F79EFBC}") = "Dotcom.ContentManagement.IntegrationTests", "..\..\dotcom\tests\Dotcom.ContentManagement.IntegrationTests\Dotcom.ContentManagement.IntegrationTests.csproj", "{C8B369F6-BBAA-4F4A-9903-2DF4D5B76E7B}"
EndProject
Project("{FAE04EC0-301F-11D3-BF4B-00C04F79EFBC}") = "Dotcom.ContentManagement.UnitTests", "..\..\dotcom\tests\Dotcom.ContentManagement.UnitTests\Dotcom.ContentManagement.UnitTests.csproj", "{6977E818-1A27-4328-9BC5-40D3FB2FA153}"
EndProject
Project("{FAE04EC0-301F-11D3-BF4B-00C04F79EFBC}") = "Dotcom.Engagement.IntegrationTests", "..\..\dotcom\tests\Dotcom.Engagement.IntegrationTests\Dotcom.Engagement.IntegrationTests.csproj", "{CAB46E4D-42EF-425B-9A43-7EDE681AEAA4}"
EndProject
Project("{FAE04EC0-301F-11D3-BF4B-00C04F79EFBC}") = "Dotcom.Engagement.UnitTests", "..\..\dotcom\tests\Dotcom.Engagement.UnitTests\Dotcom.Engagement.UnitTests.csproj", "{D37FD5DC-354D-4081-A168-86071734337E}"
EndProject
Project("{FAE04EC0-301F-11D3-BF4B-00C04F79EFBC}") = "Dotcom.Portfolio.IntegrationTests", "..\..\dotcom\tests\Dotcom.Portfolio.IntegrationTests\Dotcom.Portfolio.IntegrationTests.csproj", "{A49C1921-69E4-4499-A1A1-E504F069FA6C}"
EndProject
Project("{FAE04EC0-301F-11D3-BF4B-00C04F79EFBC}") = "Dotcom.Portfolio.UnitTests", "..\..\dotcom\tests\Dotcom.Portfolio.UnitTests\Dotcom.Portfolio.UnitTests.csproj", "{0F7060EB-FBBD-4603-84C9-41C35EAAEF85}"
EndProject
Project("{FAE04EC0-301F-11D3-BF4B-00C04F79EFBC}") = "mojoSMB.Boundary", "..\..\mojoSMB\src\mojoSMB.Boundary\mojoSMB.Boundary.csproj", "{6A385B9D-48C2-401E-9BEC-C02D1E2CF1AE}"
EndProject
Project("{FAE04EC0-301F-11D3-BF4B-00C04F79EFBC}") = "mojoSMB.Boundary.Application", "..\..\mojoSMB\src\mojoSMB.Boundary.Application\mojoSMB.Boundary.Application.csproj", "{171400BF-23B5-47BB-B743-15B836CB2F66}"
EndProject
Project("{FAE04EC0-301F-11D3-BF4B-00C04F79EFBC}") = "mojoSMB.Boundary.Domain", "..\..\mojoSMB\src\mojoSMB.Boundary.Domain\mojoSMB.Boundary.Domain.csproj", "{0BDA93E6-E89E-41CD-AAC3-A70767317392}"
EndProject
Project("{FAE04EC0-301F-11D3-BF4B-00C04F79EFBC}") = "mojoSMB.Boundary.Infrastructure", "..\..\mojoSMB\src\mojoSMB.Boundary.Infrastructure\mojoSMB.Boundary.Infrastructure.csproj", "{EEAD06EB-9845-4AB7-93D5-7EA70FB5FA30}"
EndProject
Project("{FAE04EC0-301F-11D3-BF4B-00C04F79EFBC}") = "mojoSMB.Boundary.IntegrationTests", "..\..\mojoSMB\tests\mojoSMB.Boundary.IntegrationTests\mojoSMB.Boundary.IntegrationTests.csproj", "{2F1FBB43-0E3C-414B-B1D7-D8FF117B3CD4}"
EndProject
Project("{FAE04EC0-301F-11D3-BF4B-00C04F79EFBC}") = "mojoSMB.Boundary.UnitTests", "..\..\mojoSMB\tests\mojoSMB.Boundary.UnitTests\mojoSMB.Boundary.UnitTests.csproj", "{9CCBDBD0-C9CB-4D19-BAE9-E35E4F708EDB}"
EndProject
Project("{FAE04EC0-301F-11D3-BF4B-00C04F79EFBC}") = "SighTools.Boundary", "..\..\sigh-tools\src\SighTools.Boundary\SighTools.Boundary.csproj", "{4B48877E-7E6F-4C43-833E-31AFA0281EE6}"
EndProject
Project("{FAE04EC0-301F-11D3-BF4B-00C04F79EFBC}") = "SighTools.Boundary.Application", "..\..\sigh-tools\src\SighTools.Boundary.Application\SighTools.Boundary.Application.csproj", "{DA895C58-C884-4463-BD3D-78797EBF17EC}"
EndProject
Project("{FAE04EC0-301F-11D3-BF4B-00C04F79EFBC}") = "SighTools.Boundary.Domain", "..\..\sigh-tools\src\SighTools.Boundary.Domain\SighTools.Boundary.Domain.csproj", "{1A9D7AF9-938F-41B3-BB15-D76F4DFA5244}"
EndProject
Project("{FAE04EC0-301F-11D3-BF4B-00C04F79EFBC}") = "SighTools.Boundary.Infrastructure", "..\..\sigh-tools\src\SighTools.Boundary.Infrastructure\SighTools.Boundary.Infrastructure.csproj", "{C0A77414-3155-405A-9B96-9A8681B8C292}"
EndProject
Project("{FAE04EC0-301F-11D3-BF4B-00C04F79EFBC}") = "SighTools.Boundary.UnitTests", "..\..\sigh-tools\src\SighTools.Boundary.UnitTests\SighTools.Boundary.UnitTests.csproj", "{8E8DAA38-927C-4CF9-B4F6-298D078AD1A5}"
EndProject
Project("{FAE04EC0-301F-11D3-BF4B-00C04F79EFBC}") = "SighTools.Boundary.IntegrationTests", "..\..\sigh-tools\tests\SighTools.Boundary.IntegrationTests\SighTools.Boundary.IntegrationTests.csproj", "{D8402FD3-7E43-44CD-896C-8FA71A20F10C}"
EndProject
Project("{FAE04EC0-301F-11D3-BF4B-00C04F79EFBC}") = "Syndigator.Articles", "..\..\syndigator\src\Syndigator.Articles\Syndigator.Articles.csproj", "{4252A979-84C3-4380-9A8E-010F15F9EB1E}"
EndProject
Project("{FAE04EC0-301F-11D3-BF4B-00C04F79EFBC}") = "Syndigator.Articles.Application", "..\..\syndigator\src\Syndigator.Articles.Application\Syndigator.Articles.Application.csproj", "{45B1C414-3AA0-4FFB-A8B7-6C5596DBB614}"
EndProject
Project("{FAE04EC0-301F-11D3-BF4B-00C04F79EFBC}") = "Syndigator.Articles.Domain", "..\..\syndigator\src\Syndigator.Articles.Domain\Syndigator.Articles.Domain.csproj", "{AE2248C3-3D49-43EE-843E-247C8E61F105}"
EndProject
Project("{FAE04EC0-301F-11D3-BF4B-00C04F79EFBC}") = "Syndigator.Articles.Infrastructure", "..\..\syndigator\src\Syndigator.Articles.Infrastructure\Syndigator.Articles.Infrastructure.csproj", "{2DE82B36-8A43-4E1E-BF07-EFF7483721A3}"
EndProject
Project("{FAE04EC0-301F-11D3-BF4B-00C04F79EFBC}") = "Syndigator.FeedProcessing", "..\..\syndigator\src\Syndigator.FeedProcessing\Syndigator.FeedProcessing.csproj", "{4108DD21-ACC0-4E66-9E2B-3872E62341CE}"
EndProject
Project("{FAE04EC0-301F-11D3-BF4B-00C04F79EFBC}") = "Syndigator.FeedProcessing.Application", "..\..\syndigator\src\Syndigator.FeedProcessing.Application\Syndigator.FeedProcessing.Application.csproj", "{E937C7EC-583B-4060-8816-FEB24F7ADF86}"
EndProject
Project("{FAE04EC0-301F-11D3-BF4B-00C04F79EFBC}") = "Syndigator.FeedProcessing.Domain", "..\..\syndigator\src\Syndigator.FeedProcessing.Domain\Syndigator.FeedProcessing.Domain.csproj", "{D83D6185-7765-4C1F-BE66-31A5714911DA}"
EndProject
Project("{FAE04EC0-301F-11D3-BF4B-00C04F79EFBC}") = "Syndigator.FeedProcessing.Infrastructure", "..\..\syndigator\src\Syndigator.FeedProcessing.Infrastructure\Syndigator.FeedProcessing.Infrastructure.csproj", "{6F3CA731-5BDC-4220-92F2-525A98EC3150}"
EndProject
Project("{FAE04EC0-301F-11D3-BF4B-00C04F79EFBC}") = "Syndigator.Feeds", "..\..\syndigator\src\Syndigator.Feeds\Syndigator.Feeds.csproj", "{CC299D47-C130-42EC-A205-B4319D830578}"
EndProject
Project("{FAE04EC0-301F-11D3-BF4B-00C04F79EFBC}") = "Syndigator.Feeds.Application", "..\..\syndigator\src\Syndigator.Feeds.Application\Syndigator.Feeds.Application.csproj", "{0B243A0C-B23E-47DE-994C-EBD4F515882B}"
EndProject
Project("{FAE04EC0-301F-11D3-BF4B-00C04F79EFBC}") = "Syndigator.Feeds.Domain", "..\..\syndigator\src\Syndigator.Feeds.Domain\Syndigator.Feeds.Domain.csproj", "{601E5484-E8B2-40C1-87AF-C6B39CB4E4E6}"
EndProject
Project("{FAE04EC0-301F-11D3-BF4B-00C04F79EFBC}") = "Syndigator.Feeds.Infrastructure", "..\..\syndigator\src\Syndigator.Feeds.Infrastructure\Syndigator.Feeds.Infrastructure.csproj", "{255E3BEE-FC1F-4B21-B5E5-7160B421C30B}"
EndProject
Project("{FAE04EC0-301F-11D3-BF4B-00C04F79EFBC}") = "Syndigator.Reading", "..\..\syndigator\src\Syndigator.Reading\Syndigator.Reading.csproj", "{91C5CBC2-B54E-4B67-BA73-5E4F783B45B9}"
EndProject
Project("{FAE04EC0-301F-11D3-BF4B-00C04F79EFBC}") = "Syndigator.Reading.Application", "..\..\syndigator\src\Syndigator.Reading.Application\Syndigator.Reading.Application.csproj", "{E2687470-54B5-48EC-85AB-59090B07C005}"
EndProject
Project("{FAE04EC0-301F-11D3-BF4B-00C04F79EFBC}") = "Syndigator.Reading.Domain", "..\..\syndigator\src\Syndigator.Reading.Domain\Syndigator.Reading.Domain.csproj", "{404DDE85-8240-4E3C-9B15-C832517D520A}"
EndProject
Project("{FAE04EC0-301F-11D3-BF4B-00C04F79EFBC}") = "Syndigator.Reading.Infrastructure", "..\..\syndigator\src\Syndigator.Reading.Infrastructure\Syndigator.Reading.Infrastructure.csproj", "{33F786C3-4EC9-4C43-B816-866C68C49E05}"
EndProject
Project("{FAE04EC0-301F-11D3-BF4B-00C04F79EFBC}") = "Syndigator.UserProfiles", "..\..\syndigator\src\Syndigator.UserProfiles\Syndigator.UserProfiles.csproj", "{426C2A9F-057E-4896-A2CD-CA4C5D586069}"
EndProject
Project("{FAE04EC0-301F-11D3-BF4B-00C04F79EFBC}") = "Syndigator.UserProfiles.Application", "..\..\syndigator\src\Syndigator.UserProfiles.Application\Syndigator.UserProfiles.Application.csproj", "{80C4C485-27FD-48E6-95A3-D05347BA0F2D}"
EndProject
Project("{FAE04EC0-301F-11D3-BF4B-00C04F79EFBC}") = "Syndigator.UserProfiles.Domain", "..\..\syndigator\src\Syndigator.UserProfiles.Domain\Syndigator.UserProfiles.Domain.csproj", "{1AF90255-CC47-45E3-9414-7213F8D24177}"
EndProject
Project("{FAE04EC0-301F-11D3-BF4B-00C04F79EFBC}") = "Syndigator.UserProfiles.Infrastructure", "..\..\syndigator\src\Syndigator.UserProfiles.Infrastructure\Syndigator.UserProfiles.Infrastructure.csproj", "{F38618D2-6613-4F9D-9FAC-F5E1D2C3765E}"
EndProject
Project("{FAE04EC0-301F-11D3-BF4B-00C04F79EFBC}") = "Syndigator.Articles.IntegrationTests", "..\..\syndigator\tests\Syndigator.Articles.IntegrationTests\Syndigator.Articles.IntegrationTests.csproj", "{D652CA55-0450-4EEF-9361-3EB38A363A75}"
EndProject
Project("{FAE04EC0-301F-11D3-BF4B-00C04F79EFBC}") = "Syndigator.Articles.UnitTests", "..\..\syndigator\tests\Syndigator.Articles.UnitTests\Syndigator.Articles.UnitTests.csproj", "{E37E48E8-9CA5-4B86-931C-DD5E1E173175}"
EndProject
Project("{FAE04EC0-301F-11D3-BF4B-00C04F79EFBC}") = "Syndigator.FeedProcessing.IntegrationTests", "..\..\syndigator\tests\Syndigator.FeedProcessing.IntegrationTests\Syndigator.FeedProcessing.IntegrationTests.csproj", "{CC1E5457-1E74-44AF-9F4B-CBC0D172673E}"
EndProject
Project("{FAE04EC0-301F-11D3-BF4B-00C04F79EFBC}") = "Syndigator.FeedProcessing.UnitTests", "..\..\syndigator\tests\Syndigator.FeedProcessing.UnitTests\Syndigator.FeedProcessing.UnitTests.csproj", "{3B24639E-23E4-49C8-905F-E11A69F09395}"
EndProject
Project("{FAE04EC0-301F-11D3-BF4B-00C04F79EFBC}") = "Syndigator.Feeds.IntegrationTests", "..\..\syndigator\tests\Syndigator.Feeds.IntegrationTests\Syndigator.Feeds.IntegrationTests.csproj", "{021A0795-26CA-4941-8E8F-C684F2C8EE65}"
EndProject
Project("{FAE04EC0-301F-11D3-BF4B-00C04F79EFBC}") = "Syndigator.Feeds.UnitTests", "..\..\syndigator\tests\Syndigator.Feeds.UnitTests\Syndigator.Feeds.UnitTests.csproj", "{BAF7BE78-AB1B-4570-B761-426DD93AABF6}"
EndProject
Project("{FAE04EC0-301F-11D3-BF4B-00C04F79EFBC}") = "Syndigator.Reading.IntegrationTests", "..\..\syndigator\tests\Syndigator.Reading.IntegrationTests\Syndigator.Reading.IntegrationTests.csproj", "{1ED209C3-9D32-4A1A-B432-65DD3A5B76DE}"
EndProject
Project("{FAE04EC0-301F-11D3-BF4B-00C04F79EFBC}") = "Syndigator.Reading.UnitTests", "..\..\syndigator\tests\Syndigator.Reading.UnitTests\Syndigator.Reading.UnitTests.csproj", "{183217DA-E07C-47EB-AC07-529870A861D5}"
EndProject
Project("{FAE04EC0-301F-11D3-BF4B-00C04F79EFBC}") = "Syndigator.UserProfiles.IntegrationTests", "..\..\syndigator\tests\Syndigator.UserProfiles.IntegrationTests\Syndigator.UserProfiles.IntegrationTests.csproj", "{0332E720-0DE6-4EE3-B1C4-54F227FCF327}"
EndProject
Project("{FAE04EC0-301F-11D3-BF4B-00C04F79EFBC}") = "Syndigator.UserProfiles.UnitTests", "..\..\syndigator\tests\Syndigator.UserProfiles.UnitTests\Syndigator.UserProfiles.UnitTests.csproj", "{3F6BE322-40E0-40F0-9386-B250BEEBCF6B}"
EndProject
Project("{FAE04EC0-301F-11D3-BF4B-00C04F79EFBC}") = "TheCommune.Chat", "..\..\theCommune\src\TheCommune.Chat\TheCommune.Chat.csproj", "{CE9F525E-0F74-4D10-832D-DF0F3B21AF74}"
EndProject
Project("{FAE04EC0-301F-11D3-BF4B-00C04F79EFBC}") = "TheCommune.Chat.Application", "..\..\theCommune\src\TheCommune.Chat.Application\TheCommune.Chat.Application.csproj", "{F2742376-8C03-4F32-B3BD-A2DCC698F58B}"
EndProject
Project("{FAE04EC0-301F-11D3-BF4B-00C04F79EFBC}") = "TheCommune.Chat.Domain", "..\..\theCommune\src\TheCommune.Chat.Domain\TheCommune.Chat.Domain.csproj", "{562BABCB-FBB8-4E30-87A3-D842F4BD94D2}"
EndProject
Project("{FAE04EC0-301F-11D3-BF4B-00C04F79EFBC}") = "TheCommune.Chat.Infrastructure", "..\..\theCommune\src\TheCommune.Chat.Infrastructure\TheCommune.Chat.Infrastructure.csproj", "{7D28D3A0-DBB1-4A97-8A61-D55B419B4359}"
EndProject
Project("{FAE04EC0-301F-11D3-BF4B-00C04F79EFBC}") = "TheCommune.Chat.IntegrationTests", "..\..\theCommune\tests\TheCommune.Chat.IntegrationTests\TheCommune.Chat.IntegrationTests.csproj", "{B4B82C29-6B38-49E4-B435-A8B053B5E228}"
EndProject
Project("{FAE04EC0-301F-11D3-BF4B-00C04F79EFBC}") = "TheCommune.Chat.UnitTests", "..\..\theCommune\tests\TheCommune.Chat.UnitTests\TheCommune.Chat.UnitTests.csproj", "{D100A3D2-DB91-4C5F-9610-8753FDC98159}"
EndProject
Project("{2150E333-8FDC-42A3-9474-1A3956D46DE8}") = "Chat", "Chat", "{11AB6B8A-5133-49ED-A00F-2F66D96B6E92}"
EndProject
Project("{2150E333-8FDC-42A3-9474-1A3956D46DE8}") = "Tests", "Tests", "{4AEA0015-6A94-42D9-9103-548A2182852A}"
EndProject
Project("{2150E333-8FDC-42A3-9474-1A3956D46DE8}") = "Articles", "Articles", "{B31AA636-A360-4AB6-A88C-DD9CCF5DD2CE}"
EndProject
Project("{2150E333-8FDC-42A3-9474-1A3956D46DE8}") = "FeedProcessing", "FeedProcessing", "{EC439A7F-8382-41D3-8EEE-5840C170C509}"
EndProject
Project("{2150E333-8FDC-42A3-9474-1A3956D46DE8}") = "Feeds", "Feeds", "{C9A80511-95A8-4BC9-9A92-DB4E4D35342C}"
EndProject
Project("{2150E333-8FDC-42A3-9474-1A3956D46DE8}") = "Reading", "Reading", "{AB63778A-825C-4B67-BA20-E14672D6CC15}"
EndProject
Project("{2150E333-8FDC-42A3-9474-1A3956D46DE8}") = "UserProfiles", "UserProfiles", "{C248FB88-98AE-4F42-A11A-80E9295192BD}"
EndProject
Project("{2150E333-8FDC-42A3-9474-1A3956D46DE8}") = "Tests", "Tests", "{E2677691-C074-41BB-95A3-F993F2556264}"
EndProject
Project("{2150E333-8FDC-42A3-9474-1A3956D46DE8}") = "Tests", "Tests", "{A0B6C2A9-3960-412E-A2BB-D1290A9BCFEE}"
EndProject
Project("{2150E333-8FDC-42A3-9474-1A3956D46DE8}") = "Tests", "Tests", "{33447090-F70B-4646-9548-20EE576FDEA3}"
EndProject
Project("{2150E333-8FDC-42A3-9474-1A3956D46DE8}") = "Tests", "Tests", "{471CEAAD-451E-4510-A8D8-0E8448827FFC}"
EndProject
Project("{2150E333-8FDC-42A3-9474-1A3956D46DE8}") = "Tests", "Tests", "{5DB48F4D-5173-415E-BF92-D48A21996C41}"
EndProject
Project("{2150E333-8FDC-42A3-9474-1A3956D46DE8}") = "Boundary", "Boundary", "{5EBB47E0-D4EC-4949-8396-45D873CCAD72}"
EndProject
Project("{2150E333-8FDC-42A3-9474-1A3956D46DE8}") = "Tests", "Tests", "{E3BC87E1-CEE4-451F-AA15-05E8BA10898A}"
EndProject
Project("{2150E333-8FDC-42A3-9474-1A3956D46DE8}") = "Boundary", "Boundary", "{8054974A-DE90-427A-820B-F8A188F87D39}"
EndProject
Project("{2150E333-8FDC-42A3-9474-1A3956D46DE8}") = "Tests", "Tests", "{BAB6E2D0-B43A-4C7F-8433-4A4B354C1216}"
EndProject
Project("{2150E333-8FDC-42A3-9474-1A3956D46DE8}") = "Analytics", "Analytics", "{A5D27E17-96EF-405F-8856-51F2CCD01108}"
EndProject
Project("{2150E333-8FDC-42A3-9474-1A3956D46DE8}") = "ContentManagement", "ContentManagement", "{C4AE7051-209C-4FB7-947B-5E2E908B5D9E}"
EndProject
Project("{2150E333-8FDC-42A3-9474-1A3956D46DE8}") = "Engagement", "Engagement", "{72161001-9C44-48EB-B4BD-47B83160F9C3}"
EndProject
Project("{2150E333-8FDC-42A3-9474-1A3956D46DE8}") = "Portfolio", "Portfolio", "{06931DAF-AAA9-4D7F-BB13-67F5D8A22800}"
EndProject
Project("{2150E333-8FDC-42A3-9474-1A3956D46DE8}") = "Tests", "Tests", "{8780ADE2-5E80-4B7C-A35A-CC81AA432520}"
EndProject
Project("{2150E333-8FDC-42A3-9474-1A3956D46DE8}") = "Tests", "Tests", "{5D6E3239-2D7A-4EFA-9ED2-0D03C619DDCC}"
EndProject
Project("{2150E333-8FDC-42A3-9474-1A3956D46DE8}") = "Tests", "Tests", "{12DA6337-8758-4851-8322-8D3EA9492600}"
EndProject
Project("{2150E333-8FDC-42A3-9474-1A3956D46DE8}") = "Tests", "Tests", "{1898285F-59CA-4E0A-83D6-35F34531841B}"
EndProject
Project("{FAE04EC0-301F-11D3-BF4B-00C04F79EFBC}") = "Mojo.Api", "Mojo.Api\Mojo.Api.csproj", "{47FD9975-796A-4655-B529-4C8BA5735036}"
EndProject
Global
	GlobalSection(SolutionConfigurationPlatforms) = preSolution
		Debug|Any CPU = Debug|Any CPU
		Release|Any CPU = Release|Any CPU
	EndGlobalSection
	GlobalSection(ProjectConfigurationPlatforms) = postSolution
		{BEA71D93-4A4E-4106-8CD0-D705A5132D5E}.Debug|Any CPU.ActiveCfg = Debug|Any CPU
		{BEA71D93-4A4E-4106-8CD0-D705A5132D5E}.Debug|Any CPU.Build.0 = Debug|Any CPU
		{BEA71D93-4A4E-4106-8CD0-D705A5132D5E}.Release|Any CPU.ActiveCfg = Release|Any CPU
		{BEA71D93-4A4E-4106-8CD0-D705A5132D5E}.Release|Any CPU.Build.0 = Release|Any CPU
		{4AEA0A21-D993-47E6-AF81-102DCBD5FB76}.Debug|Any CPU.ActiveCfg = Debug|Any CPU
		{4AEA0A21-D993-47E6-AF81-102DCBD5FB76}.Debug|Any CPU.Build.0 = Debug|Any CPU
		{4AEA0A21-D993-47E6-AF81-102DCBD5FB76}.Release|Any CPU.ActiveCfg = Release|Any CPU
		{4AEA0A21-D993-47E6-AF81-102DCBD5FB76}.Release|Any CPU.Build.0 = Release|Any CPU
		{0523FDA0-6244-481A-B05B-1A4F79782FEE}.Debug|Any CPU.ActiveCfg = Debug|Any CPU
		{0523FDA0-6244-481A-B05B-1A4F79782FEE}.Debug|Any CPU.Build.0 = Debug|Any CPU
		{0523FDA0-6244-481A-B05B-1A4F79782FEE}.Release|Any CPU.ActiveCfg = Release|Any CPU
		{0523FDA0-6244-481A-B05B-1A4F79782FEE}.Release|Any CPU.Build.0 = Release|Any CPU
		{7A4C1A0E-EC0C-4E65-8EEC-B209DD0EB38F}.Debug|Any CPU.ActiveCfg = Debug|Any CPU
		{7A4C1A0E-EC0C-4E65-8EEC-B209DD0EB38F}.Debug|Any CPU.Build.0 = Debug|Any CPU
		{7A4C1A0E-EC0C-4E65-8EEC-B209DD0EB38F}.Release|Any CPU.ActiveCfg = Release|Any CPU
		{7A4C1A0E-EC0C-4E65-8EEC-B209DD0EB38F}.Release|Any CPU.Build.0 = Release|Any CPU
		{A8160E11-D27C-4618-A8D5-4691CDDAD5AE}.Debug|Any CPU.ActiveCfg = Debug|Any CPU
		{A8160E11-D27C-4618-A8D5-4691CDDAD5AE}.Debug|Any CPU.Build.0 = Debug|Any CPU
		{A8160E11-D27C-4618-A8D5-4691CDDAD5AE}.Release|Any CPU.ActiveCfg = Release|Any CPU
		{A8160E11-D27C-4618-A8D5-4691CDDAD5AE}.Release|Any CPU.Build.0 = Release|Any CPU
		{C60505F2-3235-4905-A57E-1AF6F8B2F6A1}.Debug|Any CPU.ActiveCfg = Debug|Any CPU
		{C60505F2-3235-4905-A57E-1AF6F8B2F6A1}.Debug|Any CPU.Build.0 = Debug|Any CPU
		{C60505F2-3235-4905-A57E-1AF6F8B2F6A1}.Release|Any CPU.ActiveCfg = Release|Any CPU
		{C60505F2-3235-4905-A57E-1AF6F8B2F6A1}.Release|Any CPU.Build.0 = Release|Any CPU
		{27133510-383D-44C2-B959-D4E6306AD2D5}.Debug|Any CPU.ActiveCfg = Debug|Any CPU
		{27133510-383D-44C2-B959-D4E6306AD2D5}.Debug|Any CPU.Build.0 = Debug|Any CPU
		{27133510-383D-44C2-B959-D4E6306AD2D5}.Release|Any CPU.ActiveCfg = Release|Any CPU
		{27133510-383D-44C2-B959-D4E6306AD2D5}.Release|Any CPU.Build.0 = Release|Any CPU
		{66F9BD31-0E86-4285-8A60-A0FE36883E55}.Debug|Any CPU.ActiveCfg = Debug|Any CPU
		{66F9BD31-0E86-4285-8A60-A0FE36883E55}.Debug|Any CPU.Build.0 = Debug|Any CPU
		{66F9BD31-0E86-4285-8A60-A0FE36883E55}.Release|Any CPU.ActiveCfg = Release|Any CPU
		{66F9BD31-0E86-4285-8A60-A0FE36883E55}.Release|Any CPU.Build.0 = Release|Any CPU
		{B194DEED-267D-405D-A7DD-232A461DAAB7}.Debug|Any CPU.ActiveCfg = Debug|Any CPU
		{B194DEED-267D-405D-A7DD-232A461DAAB7}.Debug|Any CPU.Build.0 = Debug|Any CPU
		{B194DEED-267D-405D-A7DD-232A461DAAB7}.Release|Any CPU.ActiveCfg = Release|Any CPU
		{B194DEED-267D-405D-A7DD-232A461DAAB7}.Release|Any CPU.Build.0 = Release|Any CPU
		{67E09350-F34A-4726-865B-BDCD4775547A}.Debug|Any CPU.ActiveCfg = Debug|Any CPU
		{67E09350-F34A-4726-865B-BDCD4775547A}.Debug|Any CPU.Build.0 = Debug|Any CPU
		{67E09350-F34A-4726-865B-BDCD4775547A}.Release|Any CPU.ActiveCfg = Release|Any CPU
		{67E09350-F34A-4726-865B-BDCD4775547A}.Release|Any CPU.Build.0 = Release|Any CPU
		{C6C5C5CA-5C4C-48DA-940E-F72C8A7E84EC}.Debug|Any CPU.ActiveCfg = Debug|Any CPU
		{C6C5C5CA-5C4C-48DA-940E-F72C8A7E84EC}.Debug|Any CPU.Build.0 = Debug|Any CPU
		{C6C5C5CA-5C4C-48DA-940E-F72C8A7E84EC}.Release|Any CPU.ActiveCfg = Release|Any CPU
		{C6C5C5CA-5C4C-48DA-940E-F72C8A7E84EC}.Release|Any CPU.Build.0 = Release|Any CPU
		{A2DDE93A-5361-4565-B98C-C5A163ECE2A2}.Debug|Any CPU.ActiveCfg = Debug|Any CPU
		{A2DDE93A-5361-4565-B98C-C5A163ECE2A2}.Debug|Any CPU.Build.0 = Debug|Any CPU
		{A2DDE93A-5361-4565-B98C-C5A163ECE2A2}.Release|Any CPU.ActiveCfg = Release|Any CPU
		{A2DDE93A-5361-4565-B98C-C5A163ECE2A2}.Release|Any CPU.Build.0 = Release|Any CPU
		{F38B49C5-5683-4C9D-A720-DFEE42C79FD3}.Debug|Any CPU.ActiveCfg = Debug|Any CPU
		{F38B49C5-5683-4C9D-A720-DFEE42C79FD3}.Debug|Any CPU.Build.0 = Debug|Any CPU
		{F38B49C5-5683-4C9D-A720-DFEE42C79FD3}.Release|Any CPU.ActiveCfg = Release|Any CPU
		{F38B49C5-5683-4C9D-A720-DFEE42C79FD3}.Release|Any CPU.Build.0 = Release|Any CPU
		{B5A764A3-24D8-40D6-9171-0F874C2F43FB}.Debug|Any CPU.ActiveCfg = Debug|Any CPU
		{B5A764A3-24D8-40D6-9171-0F874C2F43FB}.Debug|Any CPU.Build.0 = Debug|Any CPU
		{B5A764A3-24D8-40D6-9171-0F874C2F43FB}.Release|Any CPU.ActiveCfg = Release|Any CPU
		{B5A764A3-24D8-40D6-9171-0F874C2F43FB}.Release|Any CPU.Build.0 = Release|Any CPU
		{6C8419B2-3D06-4F57-A6FE-61D0289C0088}.Debug|Any CPU.ActiveCfg = Debug|Any CPU
		{6C8419B2-3D06-4F57-A6FE-61D0289C0088}.Debug|Any CPU.Build.0 = Debug|Any CPU
		{6C8419B2-3D06-4F57-A6FE-61D0289C0088}.Release|Any CPU.ActiveCfg = Release|Any CPU
		{6C8419B2-3D06-4F57-A6FE-61D0289C0088}.Release|Any CPU.Build.0 = Release|Any CPU
		{8F571FC5-39F9-430A-A1DC-DBB8E9A45B1F}.Debug|Any CPU.ActiveCfg = Debug|Any CPU
		{8F571FC5-39F9-430A-A1DC-DBB8E9A45B1F}.Debug|Any CPU.Build.0 = Debug|Any CPU
		{8F571FC5-39F9-430A-A1DC-DBB8E9A45B1F}.Release|Any CPU.ActiveCfg = Release|Any CPU
		{8F571FC5-39F9-430A-A1DC-DBB8E9A45B1F}.Release|Any CPU.Build.0 = Release|Any CPU
		{2C2FE9C3-3B95-4EE2-8242-3A21B3A86028}.Debug|Any CPU.ActiveCfg = Debug|Any CPU
		{2C2FE9C3-3B95-4EE2-8242-3A21B3A86028}.Debug|Any CPU.Build.0 = Debug|Any CPU
		{2C2FE9C3-3B95-4EE2-8242-3A21B3A86028}.Release|Any CPU.ActiveCfg = Release|Any CPU
		{2C2FE9C3-3B95-4EE2-8242-3A21B3A86028}.Release|Any CPU.Build.0 = Release|Any CPU
		{70427532-5D4B-4AF4-B629-576DC0A15396}.Debug|Any CPU.ActiveCfg = Debug|Any CPU
		{70427532-5D4B-4AF4-B629-576DC0A15396}.Debug|Any CPU.Build.0 = Debug|Any CPU
		{70427532-5D4B-4AF4-B629-576DC0A15396}.Release|Any CPU.ActiveCfg = Release|Any CPU
		{70427532-5D4B-4AF4-B629-576DC0A15396}.Release|Any CPU.Build.0 = Release|Any CPU
		{64D6B212-DD3D-436C-9E61-3DE09C54AEA8}.Debug|Any CPU.ActiveCfg = Debug|Any CPU
		{64D6B212-DD3D-436C-9E61-3DE09C54AEA8}.Debug|Any CPU.Build.0 = Debug|Any CPU
		{64D6B212-DD3D-436C-9E61-3DE09C54AEA8}.Release|Any CPU.ActiveCfg = Release|Any CPU
		{64D6B212-DD3D-436C-9E61-3DE09C54AEA8}.Release|Any CPU.Build.0 = Release|Any CPU
		{0945A891-1BEA-4E64-BA9D-C761343602A0}.Debug|Any CPU.ActiveCfg = Debug|Any CPU
		{0945A891-1BEA-4E64-BA9D-C761343602A0}.Debug|Any CPU.Build.0 = Debug|Any CPU
		{0945A891-1BEA-4E64-BA9D-C761343602A0}.Release|Any CPU.ActiveCfg = Release|Any CPU
		{0945A891-1BEA-4E64-BA9D-C761343602A0}.Release|Any CPU.Build.0 = Release|Any CPU
		{15DE6253-6B44-4ABA-B41E-D1749B7DA364}.Debug|Any CPU.ActiveCfg = Debug|Any CPU
		{15DE6253-6B44-4ABA-B41E-D1749B7DA364}.Debug|Any CPU.Build.0 = Debug|Any CPU
		{15DE6253-6B44-4ABA-B41E-D1749B7DA364}.Release|Any CPU.ActiveCfg = Release|Any CPU
		{15DE6253-6B44-4ABA-B41E-D1749B7DA364}.Release|Any CPU.Build.0 = Release|Any CPU
		{1F229B8E-34A4-49D9-A5D5-1A3514EB65BC}.Debug|Any CPU.ActiveCfg = Debug|Any CPU
		{1F229B8E-34A4-49D9-A5D5-1A3514EB65BC}.Debug|Any CPU.Build.0 = Debug|Any CPU
		{1F229B8E-34A4-49D9-A5D5-1A3514EB65BC}.Release|Any CPU.ActiveCfg = Release|Any CPU
		{1F229B8E-34A4-49D9-A5D5-1A3514EB65BC}.Release|Any CPU.Build.0 = Release|Any CPU
		{0D5E554C-4B15-4423-A5AB-62A5A5FCA5F6}.Debug|Any CPU.ActiveCfg = Debug|Any CPU
		{0D5E554C-4B15-4423-A5AB-62A5A5FCA5F6}.Debug|Any CPU.Build.0 = Debug|Any CPU
		{0D5E554C-4B15-4423-A5AB-62A5A5FCA5F6}.Release|Any CPU.ActiveCfg = Release|Any CPU
		{0D5E554C-4B15-4423-A5AB-62A5A5FCA5F6}.Release|Any CPU.Build.0 = Release|Any CPU
		{83DDBB19-6170-4A3D-87E4-9BE56F2514C3}.Debug|Any CPU.ActiveCfg = Debug|Any CPU
		{83DDBB19-6170-4A3D-87E4-9BE56F2514C3}.Debug|Any CPU.Build.0 = Debug|Any CPU
		{83DDBB19-6170-4A3D-87E4-9BE56F2514C3}.Release|Any CPU.ActiveCfg = Release|Any CPU
		{83DDBB19-6170-4A3D-87E4-9BE56F2514C3}.Release|Any CPU.Build.0 = Release|Any CPU
		{75DA3DD5-8F84-4060-A2EB-C2D4DF943A95}.Debug|Any CPU.ActiveCfg = Debug|Any CPU
		{75DA3DD5-8F84-4060-A2EB-C2D4DF943A95}.Debug|Any CPU.Build.0 = Debug|Any CPU
		{75DA3DD5-8F84-4060-A2EB-C2D4DF943A95}.Release|Any CPU.ActiveCfg = Release|Any CPU
		{75DA3DD5-8F84-4060-A2EB-C2D4DF943A95}.Release|Any CPU.Build.0 = Release|Any CPU
		{D3EE2F65-46F9-4374-B475-3109472728D2}.Debug|Any CPU.ActiveCfg = Debug|Any CPU
		{D3EE2F65-46F9-4374-B475-3109472728D2}.Debug|Any CPU.Build.0 = Debug|Any CPU
		{D3EE2F65-46F9-4374-B475-3109472728D2}.Release|Any CPU.ActiveCfg = Release|Any CPU
		{D3EE2F65-46F9-4374-B475-3109472728D2}.Release|Any CPU.Build.0 = Release|Any CPU
		{A0110BF5-74D8-40DD-9CF4-23515BFDE821}.Debug|Any CPU.ActiveCfg = Debug|Any CPU
		{A0110BF5-74D8-40DD-9CF4-23515BFDE821}.Debug|Any CPU.Build.0 = Debug|Any CPU
		{A0110BF5-74D8-40DD-9CF4-23515BFDE821}.Release|Any CPU.ActiveCfg = Release|Any CPU
		{A0110BF5-74D8-40DD-9CF4-23515BFDE821}.Release|Any CPU.Build.0 = Release|Any CPU
		{C8B369F6-BBAA-4F4A-9903-2DF4D5B76E7B}.Debug|Any CPU.ActiveCfg = Debug|Any CPU
		{C8B369F6-BBAA-4F4A-9903-2DF4D5B76E7B}.Debug|Any CPU.Build.0 = Debug|Any CPU
		{C8B369F6-BBAA-4F4A-9903-2DF4D5B76E7B}.Release|Any CPU.ActiveCfg = Release|Any CPU
		{C8B369F6-BBAA-4F4A-9903-2DF4D5B76E7B}.Release|Any CPU.Build.0 = Release|Any CPU
		{6977E818-1A27-4328-9BC5-40D3FB2FA153}.Debug|Any CPU.ActiveCfg = Debug|Any CPU
		{6977E818-1A27-4328-9BC5-40D3FB2FA153}.Debug|Any CPU.Build.0 = Debug|Any CPU
		{6977E818-1A27-4328-9BC5-40D3FB2FA153}.Release|Any CPU.ActiveCfg = Release|Any CPU
		{6977E818-1A27-4328-9BC5-40D3FB2FA153}.Release|Any CPU.Build.0 = Release|Any CPU
		{CAB46E4D-42EF-425B-9A43-7EDE681AEAA4}.Debug|Any CPU.ActiveCfg = Debug|Any CPU
		{CAB46E4D-42EF-425B-9A43-7EDE681AEAA4}.Debug|Any CPU.Build.0 = Debug|Any CPU
		{CAB46E4D-42EF-425B-9A43-7EDE681AEAA4}.Release|Any CPU.ActiveCfg = Release|Any CPU
		{CAB46E4D-42EF-425B-9A43-7EDE681AEAA4}.Release|Any CPU.Build.0 = Release|Any CPU
		{D37FD5DC-354D-4081-A168-86071734337E}.Debug|Any CPU.ActiveCfg = Debug|Any CPU
		{D37FD5DC-354D-4081-A168-86071734337E}.Debug|Any CPU.Build.0 = Debug|Any CPU
		{D37FD5DC-354D-4081-A168-86071734337E}.Release|Any CPU.ActiveCfg = Release|Any CPU
		{D37FD5DC-354D-4081-A168-86071734337E}.Release|Any CPU.Build.0 = Release|Any CPU
		{A49C1921-69E4-4499-A1A1-E504F069FA6C}.Debug|Any CPU.ActiveCfg = Debug|Any CPU
		{A49C1921-69E4-4499-A1A1-E504F069FA6C}.Debug|Any CPU.Build.0 = Debug|Any CPU
		{A49C1921-69E4-4499-A1A1-E504F069FA6C}.Release|Any CPU.ActiveCfg = Release|Any CPU
		{A49C1921-69E4-4499-A1A1-E504F069FA6C}.Release|Any CPU.Build.0 = Release|Any CPU
		{0F7060EB-FBBD-4603-84C9-41C35EAAEF85}.Debug|Any CPU.ActiveCfg = Debug|Any CPU
		{0F7060EB-FBBD-4603-84C9-41C35EAAEF85}.Debug|Any CPU.Build.0 = Debug|Any CPU
		{0F7060EB-FBBD-4603-84C9-41C35EAAEF85}.Release|Any CPU.ActiveCfg = Release|Any CPU
		{0F7060EB-FBBD-4603-84C9-41C35EAAEF85}.Release|Any CPU.Build.0 = Release|Any CPU
		{6A385B9D-48C2-401E-9BEC-C02D1E2CF1AE}.Debug|Any CPU.ActiveCfg = Debug|Any CPU
		{6A385B9D-48C2-401E-9BEC-C02D1E2CF1AE}.Debug|Any CPU.Build.0 = Debug|Any CPU
		{6A385B9D-48C2-401E-9BEC-C02D1E2CF1AE}.Release|Any CPU.ActiveCfg = Release|Any CPU
		{6A385B9D-48C2-401E-9BEC-C02D1E2CF1AE}.Release|Any CPU.Build.0 = Release|Any CPU
		{171400BF-23B5-47BB-B743-15B836CB2F66}.Debug|Any CPU.ActiveCfg = Debug|Any CPU
		{171400BF-23B5-47BB-B743-15B836CB2F66}.Debug|Any CPU.Build.0 = Debug|Any CPU
		{171400BF-23B5-47BB-B743-15B836CB2F66}.Release|Any CPU.ActiveCfg = Release|Any CPU
		{171400BF-23B5-47BB-B743-15B836CB2F66}.Release|Any CPU.Build.0 = Release|Any CPU
		{0BDA93E6-E89E-41CD-AAC3-A70767317392}.Debug|Any CPU.ActiveCfg = Debug|Any CPU
		{0BDA93E6-E89E-41CD-AAC3-A70767317392}.Debug|Any CPU.Build.0 = Debug|Any CPU
		{0BDA93E6-E89E-41CD-AAC3-A70767317392}.Release|Any CPU.ActiveCfg = Release|Any CPU
		{0BDA93E6-E89E-41CD-AAC3-A70767317392}.Release|Any CPU.Build.0 = Release|Any CPU
		{EEAD06EB-9845-4AB7-93D5-7EA70FB5FA30}.Debug|Any CPU.ActiveCfg = Debug|Any CPU
		{EEAD06EB-9845-4AB7-93D5-7EA70FB5FA30}.Debug|Any CPU.Build.0 = Debug|Any CPU
		{EEAD06EB-9845-4AB7-93D5-7EA70FB5FA30}.Release|Any CPU.ActiveCfg = Release|Any CPU
		{EEAD06EB-9845-4AB7-93D5-7EA70FB5FA30}.Release|Any CPU.Build.0 = Release|Any CPU
		{2F1FBB43-0E3C-414B-B1D7-D8FF117B3CD4}.Debug|Any CPU.ActiveCfg = Debug|Any CPU
		{2F1FBB43-0E3C-414B-B1D7-D8FF117B3CD4}.Debug|Any CPU.Build.0 = Debug|Any CPU
		{2F1FBB43-0E3C-414B-B1D7-D8FF117B3CD4}.Release|Any CPU.ActiveCfg = Release|Any CPU
		{2F1FBB43-0E3C-414B-B1D7-D8FF117B3CD4}.Release|Any CPU.Build.0 = Release|Any CPU
		{9CCBDBD0-C9CB-4D19-BAE9-E35E4F708EDB}.Debug|Any CPU.ActiveCfg = Debug|Any CPU
		{9CCBDBD0-C9CB-4D19-BAE9-E35E4F708EDB}.Debug|Any CPU.Build.0 = Debug|Any CPU
		{9CCBDBD0-C9CB-4D19-BAE9-E35E4F708EDB}.Release|Any CPU.ActiveCfg = Release|Any CPU
		{9CCBDBD0-C9CB-4D19-BAE9-E35E4F708EDB}.Release|Any CPU.Build.0 = Release|Any CPU
		{4B48877E-7E6F-4C43-833E-31AFA0281EE6}.Debug|Any CPU.ActiveCfg = Debug|Any CPU
		{4B48877E-7E6F-4C43-833E-31AFA0281EE6}.Debug|Any CPU.Build.0 = Debug|Any CPU
		{4B48877E-7E6F-4C43-833E-31AFA0281EE6}.Release|Any CPU.ActiveCfg = Release|Any CPU
		{4B48877E-7E6F-4C43-833E-31AFA0281EE6}.Release|Any CPU.Build.0 = Release|Any CPU
		{DA895C58-C884-4463-BD3D-78797EBF17EC}.Debug|Any CPU.ActiveCfg = Debug|Any CPU
		{DA895C58-C884-4463-BD3D-78797EBF17EC}.Debug|Any CPU.Build.0 = Debug|Any CPU
		{DA895C58-C884-4463-BD3D-78797EBF17EC}.Release|Any CPU.ActiveCfg = Release|Any CPU
		{DA895C58-C884-4463-BD3D-78797EBF17EC}.Release|Any CPU.Build.0 = Release|Any CPU
		{1A9D7AF9-938F-41B3-BB15-D76F4DFA5244}.Debug|Any CPU.ActiveCfg = Debug|Any CPU
		{1A9D7AF9-938F-41B3-BB15-D76F4DFA5244}.Debug|Any CPU.Build.0 = Debug|Any CPU
		{1A9D7AF9-938F-41B3-BB15-D76F4DFA5244}.Release|Any CPU.ActiveCfg = Release|Any CPU
		{1A9D7AF9-938F-41B3-BB15-D76F4DFA5244}.Release|Any CPU.Build.0 = Release|Any CPU
		{C0A77414-3155-405A-9B96-9A8681B8C292}.Debug|Any CPU.ActiveCfg = Debug|Any CPU
		{C0A77414-3155-405A-9B96-9A8681B8C292}.Debug|Any CPU.Build.0 = Debug|Any CPU
		{C0A77414-3155-405A-9B96-9A8681B8C292}.Release|Any CPU.ActiveCfg = Release|Any CPU
		{C0A77414-3155-405A-9B96-9A8681B8C292}.Release|Any CPU.Build.0 = Release|Any CPU
		{8E8DAA38-927C-4CF9-B4F6-298D078AD1A5}.Debug|Any CPU.ActiveCfg = Debug|Any CPU
		{8E8DAA38-927C-4CF9-B4F6-298D078AD1A5}.Debug|Any CPU.Build.0 = Debug|Any CPU
		{8E8DAA38-927C-4CF9-B4F6-298D078AD1A5}.Release|Any CPU.ActiveCfg = Release|Any CPU
		{8E8DAA38-927C-4CF9-B4F6-298D078AD1A5}.Release|Any CPU.Build.0 = Release|Any CPU
		{D8402FD3-7E43-44CD-896C-8FA71A20F10C}.Debug|Any CPU.ActiveCfg = Debug|Any CPU
		{D8402FD3-7E43-44CD-896C-8FA71A20F10C}.Debug|Any CPU.Build.0 = Debug|Any CPU
		{D8402FD3-7E43-44CD-896C-8FA71A20F10C}.Release|Any CPU.ActiveCfg = Release|Any CPU
		{D8402FD3-7E43-44CD-896C-8FA71A20F10C}.Release|Any CPU.Build.0 = Release|Any CPU
		{4252A979-84C3-4380-9A8E-010F15F9EB1E}.Debug|Any CPU.ActiveCfg = Debug|Any CPU
		{4252A979-84C3-4380-9A8E-010F15F9EB1E}.Debug|Any CPU.Build.0 = Debug|Any CPU
		{4252A979-84C3-4380-9A8E-010F15F9EB1E}.Release|Any CPU.ActiveCfg = Release|Any CPU
		{4252A979-84C3-4380-9A8E-010F15F9EB1E}.Release|Any CPU.Build.0 = Release|Any CPU
		{45B1C414-3AA0-4FFB-A8B7-6C5596DBB614}.Debug|Any CPU.ActiveCfg = Debug|Any CPU
		{45B1C414-3AA0-4FFB-A8B7-6C5596DBB614}.Debug|Any CPU.Build.0 = Debug|Any CPU
		{45B1C414-3AA0-4FFB-A8B7-6C5596DBB614}.Release|Any CPU.ActiveCfg = Release|Any CPU
		{45B1C414-3AA0-4FFB-A8B7-6C5596DBB614}.Release|Any CPU.Build.0 = Release|Any CPU
		{AE2248C3-3D49-43EE-843E-247C8E61F105}.Debug|Any CPU.ActiveCfg = Debug|Any CPU
		{AE2248C3-3D49-43EE-843E-247C8E61F105}.Debug|Any CPU.Build.0 = Debug|Any CPU
		{AE2248C3-3D49-43EE-843E-247C8E61F105}.Release|Any CPU.ActiveCfg = Release|Any CPU
		{AE2248C3-3D49-43EE-843E-247C8E61F105}.Release|Any CPU.Build.0 = Release|Any CPU
		{2DE82B36-8A43-4E1E-BF07-EFF7483721A3}.Debug|Any CPU.ActiveCfg = Debug|Any CPU
		{2DE82B36-8A43-4E1E-BF07-EFF7483721A3}.Debug|Any CPU.Build.0 = Debug|Any CPU
		{2DE82B36-8A43-4E1E-BF07-EFF7483721A3}.Release|Any CPU.ActiveCfg = Release|Any CPU
		{2DE82B36-8A43-4E1E-BF07-EFF7483721A3}.Release|Any CPU.Build.0 = Release|Any CPU
		{4108DD21-ACC0-4E66-9E2B-3872E62341CE}.Debug|Any CPU.ActiveCfg = Debug|Any CPU
		{4108DD21-ACC0-4E66-9E2B-3872E62341CE}.Debug|Any CPU.Build.0 = Debug|Any CPU
		{4108DD21-ACC0-4E66-9E2B-3872E62341CE}.Release|Any CPU.ActiveCfg = Release|Any CPU
		{4108DD21-ACC0-4E66-9E2B-3872E62341CE}.Release|Any CPU.Build.0 = Release|Any CPU
		{E937C7EC-583B-4060-8816-FEB24F7ADF86}.Debug|Any CPU.ActiveCfg = Debug|Any CPU
		{E937C7EC-583B-4060-8816-FEB24F7ADF86}.Debug|Any CPU.Build.0 = Debug|Any CPU
		{E937C7EC-583B-4060-8816-FEB24F7ADF86}.Release|Any CPU.ActiveCfg = Release|Any CPU
		{E937C7EC-583B-4060-8816-FEB24F7ADF86}.Release|Any CPU.Build.0 = Release|Any CPU
		{D83D6185-7765-4C1F-BE66-31A5714911DA}.Debug|Any CPU.ActiveCfg = Debug|Any CPU
		{D83D6185-7765-4C1F-BE66-31A5714911DA}.Debug|Any CPU.Build.0 = Debug|Any CPU
		{D83D6185-7765-4C1F-BE66-31A5714911DA}.Release|Any CPU.ActiveCfg = Release|Any CPU
		{D83D6185-7765-4C1F-BE66-31A5714911DA}.Release|Any CPU.Build.0 = Release|Any CPU
		{6F3CA731-5BDC-4220-92F2-525A98EC3150}.Debug|Any CPU.ActiveCfg = Debug|Any CPU
		{6F3CA731-5BDC-4220-92F2-525A98EC3150}.Debug|Any CPU.Build.0 = Debug|Any CPU
		{6F3CA731-5BDC-4220-92F2-525A98EC3150}.Release|Any CPU.ActiveCfg = Release|Any CPU
		{6F3CA731-5BDC-4220-92F2-525A98EC3150}.Release|Any CPU.Build.0 = Release|Any CPU
		{CC299D47-C130-42EC-A205-B4319D830578}.Debug|Any CPU.ActiveCfg = Debug|Any CPU
		{CC299D47-C130-42EC-A205-B4319D830578}.Debug|Any CPU.Build.0 = Debug|Any CPU
		{CC299D47-C130-42EC-A205-B4319D830578}.Release|Any CPU.ActiveCfg = Release|Any CPU
		{CC299D47-C130-42EC-A205-B4319D830578}.Release|Any CPU.Build.0 = Release|Any CPU
		{0B243A0C-B23E-47DE-994C-EBD4F515882B}.Debug|Any CPU.ActiveCfg = Debug|Any CPU
		{0B243A0C-B23E-47DE-994C-EBD4F515882B}.Debug|Any CPU.Build.0 = Debug|Any CPU
		{0B243A0C-B23E-47DE-994C-EBD4F515882B}.Release|Any CPU.ActiveCfg = Release|Any CPU
		{0B243A0C-B23E-47DE-994C-EBD4F515882B}.Release|Any CPU.Build.0 = Release|Any CPU
		{601E5484-E8B2-40C1-87AF-C6B39CB4E4E6}.Debug|Any CPU.ActiveCfg = Debug|Any CPU
		{601E5484-E8B2-40C1-87AF-C6B39CB4E4E6}.Debug|Any CPU.Build.0 = Debug|Any CPU
		{601E5484-E8B2-40C1-87AF-C6B39CB4E4E6}.Release|Any CPU.ActiveCfg = Release|Any CPU
		{601E5484-E8B2-40C1-87AF-C6B39CB4E4E6}.Release|Any CPU.Build.0 = Release|Any CPU
		{255E3BEE-FC1F-4B21-B5E5-7160B421C30B}.Debug|Any CPU.ActiveCfg = Debug|Any CPU
		{255E3BEE-FC1F-4B21-B5E5-7160B421C30B}.Debug|Any CPU.Build.0 = Debug|Any CPU
		{255E3BEE-FC1F-4B21-B5E5-7160B421C30B}.Release|Any CPU.ActiveCfg = Release|Any CPU
		{255E3BEE-FC1F-4B21-B5E5-7160B421C30B}.Release|Any CPU.Build.0 = Release|Any CPU
		{91C5CBC2-B54E-4B67-BA73-5E4F783B45B9}.Debug|Any CPU.ActiveCfg = Debug|Any CPU
		{91C5CBC2-B54E-4B67-BA73-5E4F783B45B9}.Debug|Any CPU.Build.0 = Debug|Any CPU
		{91C5CBC2-B54E-4B67-BA73-5E4F783B45B9}.Release|Any CPU.ActiveCfg = Release|Any CPU
		{91C5CBC2-B54E-4B67-BA73-5E4F783B45B9}.Release|Any CPU.Build.0 = Release|Any CPU
		{E2687470-54B5-48EC-85AB-59090B07C005}.Debug|Any CPU.ActiveCfg = Debug|Any CPU
		{E2687470-54B5-48EC-85AB-59090B07C005}.Debug|Any CPU.Build.0 = Debug|Any CPU
		{E2687470-54B5-48EC-85AB-59090B07C005}.Release|Any CPU.ActiveCfg = Release|Any CPU
		{E2687470-54B5-48EC-85AB-59090B07C005}.Release|Any CPU.Build.0 = Release|Any CPU
		{404DDE85-8240-4E3C-9B15-C832517D520A}.Debug|Any CPU.ActiveCfg = Debug|Any CPU
		{404DDE85-8240-4E3C-9B15-C832517D520A}.Debug|Any CPU.Build.0 = Debug|Any CPU
		{404DDE85-8240-4E3C-9B15-C832517D520A}.Release|Any CPU.ActiveCfg = Release|Any CPU
		{404DDE85-8240-4E3C-9B15-C832517D520A}.Release|Any CPU.Build.0 = Release|Any CPU
		{33F786C3-4EC9-4C43-B816-866C68C49E05}.Debug|Any CPU.ActiveCfg = Debug|Any CPU
		{33F786C3-4EC9-4C43-B816-866C68C49E05}.Debug|Any CPU.Build.0 = Debug|Any CPU
		{33F786C3-4EC9-4C43-B816-866C68C49E05}.Release|Any CPU.ActiveCfg = Release|Any CPU
		{33F786C3-4EC9-4C43-B816-866C68C49E05}.Release|Any CPU.Build.0 = Release|Any CPU
		{426C2A9F-057E-4896-A2CD-CA4C5D586069}.Debug|Any CPU.ActiveCfg = Debug|Any CPU
		{426C2A9F-057E-4896-A2CD-CA4C5D586069}.Debug|Any CPU.Build.0 = Debug|Any CPU
		{426C2A9F-057E-4896-A2CD-CA4C5D586069}.Release|Any CPU.ActiveCfg = Release|Any CPU
		{426C2A9F-057E-4896-A2CD-CA4C5D586069}.Release|Any CPU.Build.0 = Release|Any CPU
		{80C4C485-27FD-48E6-95A3-D05347BA0F2D}.Debug|Any CPU.ActiveCfg = Debug|Any CPU
		{80C4C485-27FD-48E6-95A3-D05347BA0F2D}.Debug|Any CPU.Build.0 = Debug|Any CPU
		{80C4C485-27FD-48E6-95A3-D05347BA0F2D}.Release|Any CPU.ActiveCfg = Release|Any CPU
		{80C4C485-27FD-48E6-95A3-D05347BA0F2D}.Release|Any CPU.Build.0 = Release|Any CPU
		{1AF90255-CC47-45E3-9414-7213F8D24177}.Debug|Any CPU.ActiveCfg = Debug|Any CPU
		{1AF90255-CC47-45E3-9414-7213F8D24177}.Debug|Any CPU.Build.0 = Debug|Any CPU
		{1AF90255-CC47-45E3-9414-7213F8D24177}.Release|Any CPU.ActiveCfg = Release|Any CPU
		{1AF90255-CC47-45E3-9414-7213F8D24177}.Release|Any CPU.Build.0 = Release|Any CPU
		{F38618D2-6613-4F9D-9FAC-F5E1D2C3765E}.Debug|Any CPU.ActiveCfg = Debug|Any CPU
		{F38618D2-6613-4F9D-9FAC-F5E1D2C3765E}.Debug|Any CPU.Build.0 = Debug|Any CPU
		{F38618D2-6613-4F9D-9FAC-F5E1D2C3765E}.Release|Any CPU.ActiveCfg = Release|Any CPU
		{F38618D2-6613-4F9D-9FAC-F5E1D2C3765E}.Release|Any CPU.Build.0 = Release|Any CPU
		{D652CA55-0450-4EEF-9361-3EB38A363A75}.Debug|Any CPU.ActiveCfg = Debug|Any CPU
		{D652CA55-0450-4EEF-9361-3EB38A363A75}.Debug|Any CPU.Build.0 = Debug|Any CPU
		{D652CA55-0450-4EEF-9361-3EB38A363A75}.Release|Any CPU.ActiveCfg = Release|Any CPU
		{D652CA55-0450-4EEF-9361-3EB38A363A75}.Release|Any CPU.Build.0 = Release|Any CPU
		{E37E48E8-9CA5-4B86-931C-DD5E1E173175}.Debug|Any CPU.ActiveCfg = Debug|Any CPU
		{E37E48E8-9CA5-4B86-931C-DD5E1E173175}.Debug|Any CPU.Build.0 = Debug|Any CPU
		{E37E48E8-9CA5-4B86-931C-DD5E1E173175}.Release|Any CPU.ActiveCfg = Release|Any CPU
		{E37E48E8-9CA5-4B86-931C-DD5E1E173175}.Release|Any CPU.Build.0 = Release|Any CPU
		{CC1E5457-1E74-44AF-9F4B-CBC0D172673E}.Debug|Any CPU.ActiveCfg = Debug|Any CPU
		{CC1E5457-1E74-44AF-9F4B-CBC0D172673E}.Debug|Any CPU.Build.0 = Debug|Any CPU
		{CC1E5457-1E74-44AF-9F4B-CBC0D172673E}.Release|Any CPU.ActiveCfg = Release|Any CPU
		{CC1E5457-1E74-44AF-9F4B-CBC0D172673E}.Release|Any CPU.Build.0 = Release|Any CPU
		{3B24639E-23E4-49C8-905F-E11A69F09395}.Debug|Any CPU.ActiveCfg = Debug|Any CPU
		{3B24639E-23E4-49C8-905F-E11A69F09395}.Debug|Any CPU.Build.0 = Debug|Any CPU
		{3B24639E-23E4-49C8-905F-E11A69F09395}.Release|Any CPU.ActiveCfg = Release|Any CPU
		{3B24639E-23E4-49C8-905F-E11A69F09395}.Release|Any CPU.Build.0 = Release|Any CPU
		{021A0795-26CA-4941-8E8F-C684F2C8EE65}.Debug|Any CPU.ActiveCfg = Debug|Any CPU
		{021A0795-26CA-4941-8E8F-C684F2C8EE65}.Debug|Any CPU.Build.0 = Debug|Any CPU
		{021A0795-26CA-4941-8E8F-C684F2C8EE65}.Release|Any CPU.ActiveCfg = Release|Any CPU
		{021A0795-26CA-4941-8E8F-C684F2C8EE65}.Release|Any CPU.Build.0 = Release|Any CPU
		{BAF7BE78-AB1B-4570-B761-426DD93AABF6}.Debug|Any CPU.ActiveCfg = Debug|Any CPU
		{BAF7BE78-AB1B-4570-B761-426DD93AABF6}.Debug|Any CPU.Build.0 = Debug|Any CPU
		{BAF7BE78-AB1B-4570-B761-426DD93AABF6}.Release|Any CPU.ActiveCfg = Release|Any CPU
		{BAF7BE78-AB1B-4570-B761-426DD93AABF6}.Release|Any CPU.Build.0 = Release|Any CPU
		{1ED209C3-9D32-4A1A-B432-65DD3A5B76DE}.Debug|Any CPU.ActiveCfg = Debug|Any CPU
		{1ED209C3-9D32-4A1A-B432-65DD3A5B76DE}.Debug|Any CPU.Build.0 = Debug|Any CPU
		{1ED209C3-9D32-4A1A-B432-65DD3A5B76DE}.Release|Any CPU.ActiveCfg = Release|Any CPU
		{1ED209C3-9D32-4A1A-B432-65DD3A5B76DE}.Release|Any CPU.Build.0 = Release|Any CPU
		{183217DA-E07C-47EB-AC07-529870A861D5}.Debug|Any CPU.ActiveCfg = Debug|Any CPU
		{183217DA-E07C-47EB-AC07-529870A861D5}.Debug|Any CPU.Build.0 = Debug|Any CPU
		{183217DA-E07C-47EB-AC07-529870A861D5}.Release|Any CPU.ActiveCfg = Release|Any CPU
		{183217DA-E07C-47EB-AC07-529870A861D5}.Release|Any CPU.Build.0 = Release|Any CPU
		{0332E720-0DE6-4EE3-B1C4-54F227FCF327}.Debug|Any CPU.ActiveCfg = Debug|Any CPU
		{0332E720-0DE6-4EE3-B1C4-54F227FCF327}.Debug|Any CPU.Build.0 = Debug|Any CPU
		{0332E720-0DE6-4EE3-B1C4-54F227FCF327}.Release|Any CPU.ActiveCfg = Release|Any CPU
		{0332E720-0DE6-4EE3-B1C4-54F227FCF327}.Release|Any CPU.Build.0 = Release|Any CPU
		{3F6BE322-40E0-40F0-9386-B250BEEBCF6B}.Debug|Any CPU.ActiveCfg = Debug|Any CPU
		{3F6BE322-40E0-40F0-9386-B250BEEBCF6B}.Debug|Any CPU.Build.0 = Debug|Any CPU
		{3F6BE322-40E0-40F0-9386-B250BEEBCF6B}.Release|Any CPU.ActiveCfg = Release|Any CPU
		{3F6BE322-40E0-40F0-9386-B250BEEBCF6B}.Release|Any CPU.Build.0 = Release|Any CPU
		{CE9F525E-0F74-4D10-832D-DF0F3B21AF74}.Debug|Any CPU.ActiveCfg = Debug|Any CPU
		{CE9F525E-0F74-4D10-832D-DF0F3B21AF74}.Debug|Any CPU.Build.0 = Debug|Any CPU
		{CE9F525E-0F74-4D10-832D-DF0F3B21AF74}.Release|Any CPU.ActiveCfg = Release|Any CPU
		{CE9F525E-0F74-4D10-832D-DF0F3B21AF74}.Release|Any CPU.Build.0 = Release|Any CPU
		{F2742376-8C03-4F32-B3BD-A2DCC698F58B}.Debug|Any CPU.ActiveCfg = Debug|Any CPU
		{F2742376-8C03-4F32-B3BD-A2DCC698F58B}.Debug|Any CPU.Build.0 = Debug|Any CPU
		{F2742376-8C03-4F32-B3BD-A2DCC698F58B}.Release|Any CPU.ActiveCfg = Release|Any CPU
		{F2742376-8C03-4F32-B3BD-A2DCC698F58B}.Release|Any CPU.Build.0 = Release|Any CPU
		{562BABCB-FBB8-4E30-87A3-D842F4BD94D2}.Debug|Any CPU.ActiveCfg = Debug|Any CPU
		{562BABCB-FBB8-4E30-87A3-D842F4BD94D2}.Debug|Any CPU.Build.0 = Debug|Any CPU
		{562BABCB-FBB8-4E30-87A3-D842F4BD94D2}.Release|Any CPU.ActiveCfg = Release|Any CPU
		{562BABCB-FBB8-4E30-87A3-D842F4BD94D2}.Release|Any CPU.Build.0 = Release|Any CPU
		{7D28D3A0-DBB1-4A97-8A61-D55B419B4359}.Debug|Any CPU.ActiveCfg = Debug|Any CPU
		{7D28D3A0-DBB1-4A97-8A61-D55B419B4359}.Debug|Any CPU.Build.0 = Debug|Any CPU
		{7D28D3A0-DBB1-4A97-8A61-D55B419B4359}.Release|Any CPU.ActiveCfg = Release|Any CPU
		{7D28D3A0-DBB1-4A97-8A61-D55B419B4359}.Release|Any CPU.Build.0 = Release|Any CPU
		{B4B82C29-6B38-49E4-B435-A8B053B5E228}.Debug|Any CPU.ActiveCfg = Debug|Any CPU
		{B4B82C29-6B38-49E4-B435-A8B053B5E228}.Debug|Any CPU.Build.0 = Debug|Any CPU
		{B4B82C29-6B38-49E4-B435-A8B053B5E228}.Release|Any CPU.ActiveCfg = Release|Any CPU
		{B4B82C29-6B38-49E4-B435-A8B053B5E228}.Release|Any CPU.Build.0 = Release|Any CPU
		{D100A3D2-DB91-4C5F-9610-8753FDC98159}.Debug|Any CPU.ActiveCfg = Debug|Any CPU
		{D100A3D2-DB91-4C5F-9610-8753FDC98159}.Debug|Any CPU.Build.0 = Debug|Any CPU
		{D100A3D2-DB91-4C5F-9610-8753FDC98159}.Release|Any CPU.ActiveCfg = Release|Any CPU
		{D100A3D2-DB91-4C5F-9610-8753FDC98159}.Release|Any CPU.Build.0 = Release|Any CPU
		{47FD9975-796A-4655-B529-4C8BA5735036}.Debug|Any CPU.ActiveCfg = Debug|Any CPU
		{47FD9975-796A-4655-B529-4C8BA5735036}.Debug|Any CPU.Build.0 = Debug|Any CPU
		{47FD9975-796A-4655-B529-4C8BA5735036}.Release|Any CPU.ActiveCfg = Release|Any CPU
		{47FD9975-796A-4655-B529-4C8BA5735036}.Release|Any CPU.Build.0 = Release|Any CPU
	EndGlobalSection
	GlobalSection(NestedProjects) = preSolution
		{E4E18306-A229-400C-BD75-574424FFAA90} = {3C5E8210-D20B-49D0-98DA-205B5E7A9169}
		{1DFAE397-102E-495B-AA5D-07059AA57969} = {3C5E8210-D20B-49D0-98DA-205B5E7A9169}
		{D9838C5D-A568-4E70-B1D9-DC85A36F563A} = {3C5E8210-D20B-49D0-98DA-205B5E7A9169}
		{D146FF03-58A6-4DE9-ACFA-80843F370836} = {3C5E8210-D20B-49D0-98DA-205B5E7A9169}
		{BC933717-98BA-423E-8293-4B87BB223ECF} = {3C5E8210-D20B-49D0-98DA-205B5E7A9169}
		{BEA71D93-4A4E-4106-8CD0-D705A5132D5E} = {DC39F443-55F3-442F-B3C6-BC70A0E8B681}
		{4AEA0A21-D993-47E6-AF81-102DCBD5FB76} = {E5B386F3-5B2D-464C-8C91-B4268ED2BBBE}
		{0523FDA0-6244-481A-B05B-1A4F79782FEE} = {E5B386F3-5B2D-464C-8C91-B4268ED2BBBE}
		{7A4C1A0E-EC0C-4E65-8EEC-B209DD0EB38F} = {DC39F443-55F3-442F-B3C6-BC70A0E8B681}
		{A8160E11-D27C-4618-A8D5-4691CDDAD5AE} = {DC39F443-55F3-442F-B3C6-BC70A0E8B681}
		{C60505F2-3235-4905-A57E-1AF6F8B2F6A1} = {DC39F443-55F3-442F-B3C6-BC70A0E8B681}
		{ABF464BD-E660-4E12-ABFF-2579FE079953} = {DC39F443-55F3-442F-B3C6-BC70A0E8B681}
		{27133510-383D-44C2-B959-D4E6306AD2D5} = {ABF464BD-E660-4E12-ABFF-2579FE079953}
		{66F9BD31-0E86-4285-8A60-A0FE36883E55} = {ABF464BD-E660-4E12-ABFF-2579FE079953}
		{B194DEED-267D-405D-A7DD-232A461DAAB7} = {ABF464BD-E660-4E12-ABFF-2579FE079953}
		{11AB6B8A-5133-49ED-A00F-2F66D96B6E92} = {D146FF03-58A6-4DE9-ACFA-80843F370836}
		{4AEA0015-6A94-42D9-9103-548A2182852A} = {11AB6B8A-5133-49ED-A00F-2F66D96B6E92}
		{CE9F525E-0F74-4D10-832D-DF0F3B21AF74} = {11AB6B8A-5133-49ED-A00F-2F66D96B6E92}
		{F2742376-8C03-4F32-B3BD-A2DCC698F58B} = {11AB6B8A-5133-49ED-A00F-2F66D96B6E92}
		{562BABCB-FBB8-4E30-87A3-D842F4BD94D2} = {11AB6B8A-5133-49ED-A00F-2F66D96B6E92}
		{7D28D3A0-DBB1-4A97-8A61-D55B419B4359} = {11AB6B8A-5133-49ED-A00F-2F66D96B6E92}
		{B4B82C29-6B38-49E4-B435-A8B053B5E228} = {4AEA0015-6A94-42D9-9103-548A2182852A}
		{D100A3D2-DB91-4C5F-9610-8753FDC98159} = {4AEA0015-6A94-42D9-9103-548A2182852A}
		{B31AA636-A360-4AB6-A88C-DD9CCF5DD2CE} = {BC933717-98BA-423E-8293-4B87BB223ECF}
		{EC439A7F-8382-41D3-8EEE-5840C170C509} = {BC933717-98BA-423E-8293-4B87BB223ECF}
		{C9A80511-95A8-4BC9-9A92-DB4E4D35342C} = {BC933717-98BA-423E-8293-4B87BB223ECF}
		{AB63778A-825C-4B67-BA20-E14672D6CC15} = {BC933717-98BA-423E-8293-4B87BB223ECF}
		{C248FB88-98AE-4F42-A11A-80E9295192BD} = {BC933717-98BA-423E-8293-4B87BB223ECF}
		{E2677691-C074-41BB-95A3-F993F2556264} = {B31AA636-A360-4AB6-A88C-DD9CCF5DD2CE}
		{A0B6C2A9-3960-412E-A2BB-D1290A9BCFEE} = {EC439A7F-8382-41D3-8EEE-5840C170C509}
		{33447090-F70B-4646-9548-20EE576FDEA3} = {C9A80511-95A8-4BC9-9A92-DB4E4D35342C}
		{471CEAAD-451E-4510-A8D8-0E8448827FFC} = {AB63778A-825C-4B67-BA20-E14672D6CC15}
		{5DB48F4D-5173-415E-BF92-D48A21996C41} = {C248FB88-98AE-4F42-A11A-80E9295192BD}
		{4252A979-84C3-4380-9A8E-010F15F9EB1E} = {B31AA636-A360-4AB6-A88C-DD9CCF5DD2CE}
		{45B1C414-3AA0-4FFB-A8B7-6C5596DBB614} = {B31AA636-A360-4AB6-A88C-DD9CCF5DD2CE}
		{AE2248C3-3D49-43EE-843E-247C8E61F105} = {B31AA636-A360-4AB6-A88C-DD9CCF5DD2CE}
		{2DE82B36-8A43-4E1E-BF07-EFF7483721A3} = {B31AA636-A360-4AB6-A88C-DD9CCF5DD2CE}
		{D652CA55-0450-4EEF-9361-3EB38A363A75} = {E2677691-C074-41BB-95A3-F993F2556264}
		{E37E48E8-9CA5-4B86-931C-DD5E1E173175} = {E2677691-C074-41BB-95A3-F993F2556264}
		{4108DD21-ACC0-4E66-9E2B-3872E62341CE} = {EC439A7F-8382-41D3-8EEE-5840C170C509}
		{E937C7EC-583B-4060-8816-FEB24F7ADF86} = {EC439A7F-8382-41D3-8EEE-5840C170C509}
		{D83D6185-7765-4C1F-BE66-31A5714911DA} = {EC439A7F-8382-41D3-8EEE-5840C170C509}
		{6F3CA731-5BDC-4220-92F2-525A98EC3150} = {EC439A7F-8382-41D3-8EEE-5840C170C509}
		{CC1E5457-1E74-44AF-9F4B-CBC0D172673E} = {A0B6C2A9-3960-412E-A2BB-D1290A9BCFEE}
		{3B24639E-23E4-49C8-905F-E11A69F09395} = {A0B6C2A9-3960-412E-A2BB-D1290A9BCFEE}
		{CC299D47-C130-42EC-A205-B4319D830578} = {C9A80511-95A8-4BC9-9A92-DB4E4D35342C}
		{0B243A0C-B23E-47DE-994C-EBD4F515882B} = {C9A80511-95A8-4BC9-9A92-DB4E4D35342C}
		{601E5484-E8B2-40C1-87AF-C6B39CB4E4E6} = {C9A80511-95A8-4BC9-9A92-DB4E4D35342C}
		{255E3BEE-FC1F-4B21-B5E5-7160B421C30B} = {C9A80511-95A8-4BC9-9A92-DB4E4D35342C}
		{021A0795-26CA-4941-8E8F-C684F2C8EE65} = {33447090-F70B-4646-9548-20EE576FDEA3}
		{BAF7BE78-AB1B-4570-B761-426DD93AABF6} = {33447090-F70B-4646-9548-20EE576FDEA3}
		{91C5CBC2-B54E-4B67-BA73-5E4F783B45B9} = {AB63778A-825C-4B67-BA20-E14672D6CC15}
		{E2687470-54B5-48EC-85AB-59090B07C005} = {AB63778A-825C-4B67-BA20-E14672D6CC15}
		{404DDE85-8240-4E3C-9B15-C832517D520A} = {AB63778A-825C-4B67-BA20-E14672D6CC15}
		{33F786C3-4EC9-4C43-B816-866C68C49E05} = {AB63778A-825C-4B67-BA20-E14672D6CC15}
		{1ED209C3-9D32-4A1A-B432-65DD3A5B76DE} = {471CEAAD-451E-4510-A8D8-0E8448827FFC}
		{183217DA-E07C-47EB-AC07-529870A861D5} = {471CEAAD-451E-4510-A8D8-0E8448827FFC}
		{426C2A9F-057E-4896-A2CD-CA4C5D586069} = {C248FB88-98AE-4F42-A11A-80E9295192BD}
		{80C4C485-27FD-48E6-95A3-D05347BA0F2D} = {C248FB88-98AE-4F42-A11A-80E9295192BD}
		{1AF90255-CC47-45E3-9414-7213F8D24177} = {C248FB88-98AE-4F42-A11A-80E9295192BD}
		{F38618D2-6613-4F9D-9FAC-F5E1D2C3765E} = {C248FB88-98AE-4F42-A11A-80E9295192BD}
		{0332E720-0DE6-4EE3-B1C4-54F227FCF327} = {5DB48F4D-5173-415E-BF92-D48A21996C41}
		{3F6BE322-40E0-40F0-9386-B250BEEBCF6B} = {5DB48F4D-5173-415E-BF92-D48A21996C41}
		{5EBB47E0-D4EC-4949-8396-45D873CCAD72} = {D9838C5D-A568-4E70-B1D9-DC85A36F563A}
		{E3BC87E1-CEE4-451F-AA15-05E8BA10898A} = {5EBB47E0-D4EC-4949-8396-45D873CCAD72}
		{4B48877E-7E6F-4C43-833E-31AFA0281EE6} = {5EBB47E0-D4EC-4949-8396-45D873CCAD72}
		{DA895C58-C884-4463-BD3D-78797EBF17EC} = {5EBB47E0-D4EC-4949-8396-45D873CCAD72}
		{1A9D7AF9-938F-41B3-BB15-D76F4DFA5244} = {5EBB47E0-D4EC-4949-8396-45D873CCAD72}
		{C0A77414-3155-405A-9B96-9A8681B8C292} = {5EBB47E0-D4EC-4949-8396-45D873CCAD72}
		{D8402FD3-7E43-44CD-896C-8FA71A20F10C} = {E3BC87E1-CEE4-451F-AA15-05E8BA10898A}
		{8E8DAA38-927C-4CF9-B4F6-298D078AD1A5} = {E3BC87E1-CEE4-451F-AA15-05E8BA10898A}
		{8054974A-DE90-427A-820B-F8A188F87D39} = {1DFAE397-102E-495B-AA5D-07059AA57969}
		{BAB6E2D0-B43A-4C7F-8433-4A4B354C1216} = {8054974A-DE90-427A-820B-F8A188F87D39}
		{6A385B9D-48C2-401E-9BEC-C02D1E2CF1AE} = {8054974A-DE90-427A-820B-F8A188F87D39}
		{171400BF-23B5-47BB-B743-15B836CB2F66} = {8054974A-DE90-427A-820B-F8A188F87D39}
		{0BDA93E6-E89E-41CD-AAC3-A70767317392} = {8054974A-DE90-427A-820B-F8A188F87D39}
		{EEAD06EB-9845-4AB7-93D5-7EA70FB5FA30} = {8054974A-DE90-427A-820B-F8A188F87D39}
		{2F1FBB43-0E3C-414B-B1D7-D8FF117B3CD4} = {BAB6E2D0-B43A-4C7F-8433-4A4B354C1216}
		{9CCBDBD0-C9CB-4D19-BAE9-E35E4F708EDB} = {BAB6E2D0-B43A-4C7F-8433-4A4B354C1216}
		{A5D27E17-96EF-405F-8856-51F2CCD01108} = {E4E18306-A229-400C-BD75-574424FFAA90}
		{C4AE7051-209C-4FB7-947B-5E2E908B5D9E} = {E4E18306-A229-400C-BD75-574424FFAA90}
		{72161001-9C44-48EB-B4BD-47B83160F9C3} = {E4E18306-A229-400C-BD75-574424FFAA90}
		{06931DAF-AAA9-4D7F-BB13-67F5D8A22800} = {E4E18306-A229-400C-BD75-574424FFAA90}
		{8780ADE2-5E80-4B7C-A35A-CC81AA432520} = {A5D27E17-96EF-405F-8856-51F2CCD01108}
		{5D6E3239-2D7A-4EFA-9ED2-0D03C619DDCC} = {C4AE7051-209C-4FB7-947B-5E2E908B5D9E}
		{12DA6337-8758-4851-8322-8D3EA9492600} = {72161001-9C44-48EB-B4BD-47B83160F9C3}
		{1898285F-59CA-4E0A-83D6-35F34531841B} = {06931DAF-AAA9-4D7F-BB13-67F5D8A22800}
		{67E09350-F34A-4726-865B-BDCD4775547A} = {A5D27E17-96EF-405F-8856-51F2CCD01108}
		{C6C5C5CA-5C4C-48DA-940E-F72C8A7E84EC} = {A5D27E17-96EF-405F-8856-51F2CCD01108}
		{A2DDE93A-5361-4565-B98C-C5A163ECE2A2} = {A5D27E17-96EF-405F-8856-51F2CCD01108}
		{F38B49C5-5683-4C9D-A720-DFEE42C79FD3} = {A5D27E17-96EF-405F-8856-51F2CCD01108}
		{D3EE2F65-46F9-4374-B475-3109472728D2} = {8780ADE2-5E80-4B7C-A35A-CC81AA432520}
		{A0110BF5-74D8-40DD-9CF4-23515BFDE821} = {8780ADE2-5E80-4B7C-A35A-CC81AA432520}
		{B5A764A3-24D8-40D6-9171-0F874C2F43FB} = {C4AE7051-209C-4FB7-947B-5E2E908B5D9E}
		{6C8419B2-3D06-4F57-A6FE-61D0289C0088} = {C4AE7051-209C-4FB7-947B-5E2E908B5D9E}
		{8F571FC5-39F9-430A-A1DC-DBB8E9A45B1F} = {C4AE7051-209C-4FB7-947B-5E2E908B5D9E}
		{2C2FE9C3-3B95-4EE2-8242-3A21B3A86028} = {C4AE7051-209C-4FB7-947B-5E2E908B5D9E}
		{C8B369F6-BBAA-4F4A-9903-2DF4D5B76E7B} = {5D6E3239-2D7A-4EFA-9ED2-0D03C619DDCC}
		{6977E818-1A27-4328-9BC5-40D3FB2FA153} = {5D6E3239-2D7A-4EFA-9ED2-0D03C619DDCC}
		{70427532-5D4B-4AF4-B629-576DC0A15396} = {72161001-9C44-48EB-B4BD-47B83160F9C3}
		{64D6B212-DD3D-436C-9E61-3DE09C54AEA8} = {72161001-9C44-48EB-B4BD-47B83160F9C3}
		{0945A891-1BEA-4E64-BA9D-C761343602A0} = {72161001-9C44-48EB-B4BD-47B83160F9C3}
		{15DE6253-6B44-4ABA-B41E-D1749B7DA364} = {72161001-9C44-48EB-B4BD-47B83160F9C3}
		{CAB46E4D-42EF-425B-9A43-7EDE681AEAA4} = {12DA6337-8758-4851-8322-8D3EA9492600}
		{D37FD5DC-354D-4081-A168-86071734337E} = {12DA6337-8758-4851-8322-8D3EA9492600}
		{1F229B8E-34A4-49D9-A5D5-1A3514EB65BC} = {06931DAF-AAA9-4D7F-BB13-67F5D8A22800}
		{0D5E554C-4B15-4423-A5AB-62A5A5FCA5F6} = {06931DAF-AAA9-4D7F-BB13-67F5D8A22800}
		{83DDBB19-6170-4A3D-87E4-9BE56F2514C3} = {06931DAF-AAA9-4D7F-BB13-67F5D8A22800}
		{75DA3DD5-8F84-4060-A2EB-C2D4DF943A95} = {06931DAF-AAA9-4D7F-BB13-67F5D8A22800}
		{A49C1921-69E4-4499-A1A1-E504F069FA6C} = {1898285F-59CA-4E0A-83D6-35F34531841B}
		{0F7060EB-FBBD-4603-84C9-41C35EAAEF85} = {1898285F-59CA-4E0A-83D6-35F34531841B}
		{47FD9975-796A-4655-B529-4C8BA5735036} = {E5B386F3-5B2D-464C-8C91-B4268ED2BBBE}
	EndGlobalSection
EndGlobal
